
Microsoft Visual Studio Solution File, Format Version 12.00
# Visual Studio Version 16
VisualStudioVersion = 16.0.31402.337
MinimumVisualStudioVersion = 10.0.40219.1
Project("{8BC9CEB8-8B4A-11D0-8D11-00A0C91BC942}") = "Câu 1", "Câu 1\Câu 1.vcxproj", "{2F400129-9AAF-4E88-A2C6-B44AC378B9B9}"
EndProject
Project("{8BC9CEB8-8B4A-11D0-8D11-00A0C91BC942}") = "Câu 2", "Câu 2\Câu 2.vcxproj", "{E22C0D8E-6960-44DD-B8B1-4C613EE20FA1}"
EndProject
Project("{8BC9CEB8-8B4A-11D0-8D11-00A0C91BC942}") = "Câu 3", "Câu 3\Câu 3.vcxproj", "{0BCED3F0-BC3D-4ABE-A660-EA42912CF197}"
EndProject
Project("{8BC9CEB8-8B4A-11D0-8D11-00A0C91BC942}") = "Câu 4", "Câu 4\Câu 4.vcxproj", "{97BEDEE7-B358-4361-BA9F-0CFFFE0A2BC6}"
EndProject
Global
	GlobalSection(SolutionConfigurationPlatforms) = preSolution
		Debug|x64 = Debug|x64
		Debug|x86 = Debug|x86
		Release|x64 = Release|x64
		Release|x86 = Release|x86
	EndGlobalSection
	GlobalSection(ProjectConfigurationPlatforms) = postSolution
		{2F400129-9AAF-4E88-A2C6-B44AC378B9B9}.Debug|x64.ActiveCfg = Debug|x64
		{2F400129-9AAF-4E88-A2C6-B44AC378B9B9}.Debug|x64.Build.0 = Debug|x64
		{2F400129-9AAF-4E88-A2C6-B44AC378B9B9}.Debug|x86.ActiveCfg = Debug|Win32
		{2F400129-9AAF-4E88-A2C6-B44AC378B9B9}.Debug|x86.Build.0 = Debug|Win32
		{2F400129-9AAF-4E88-A2C6-B44AC378B9B9}.Release|x64.ActiveCfg = Release|x64
		{2F400129-9AAF-4E88-A2C6-B44AC378B9B9}.Release|x64.Build.0 = Release|x64
		{2F400129-9AAF-4E88-A2C6-B44AC378B9B9}.Release|x86.ActiveCfg = Release|Win32
		{2F400129-9AAF-4E88-A2C6-B44AC378B9B9}.Release|x86.Build.0 = Release|Win32
		{E22C0D8E-6960-44DD-B8B1-4C613EE20FA1}.Debug|x64.ActiveCfg = Debug|x64
		{E22C0D8E-6960-44DD-B8B1-4C613EE20FA1}.Debug|x64.Build.0 = Debug|x64
		{E22C0D8E-6960-44DD-B8B1-4C613EE20FA1}.Debug|x86.ActiveCfg = Debug|Win32
		{E22C0D8E-6960-44DD-B8B1-4C613EE20FA1}.Debug|x86.Build.0 = Debug|Win32
		{E22C0D8E-6960-44DD-B8B1-4C613EE20FA1}.Release|x64.ActiveCfg = Release|x64
		{E22C0D8E-6960-44DD-B8B1-4C613EE20FA1}.Release|x64.Build.0 = Release|x64
		{E22C0D8E-6960-44DD-B8B1-4C613EE20FA1}.Release|x86.ActiveCfg = Release|Win32
		{E22C0D8E-6960-44DD-B8B1-4C613EE20FA1}.Release|x86.Build.0 = Release|Win32
		{0BCED3F0-BC3D-4ABE-A660-EA42912CF197}.Debug|x64.ActiveCfg = Debug|x64
		{0BCED3F0-BC3D-4ABE-A660-EA42912CF197}.Debug|x64.Build.0 = Debug|x64
		{0BCED3F0-BC3D-4ABE-A660-EA42912CF197}.Debug|x86.ActiveCfg = Debug|Win32
		{0BCED3F0-BC3D-4ABE-A660-EA42912CF197}.Debug|x86.Build.0 = Debug|Win32
		{0BCED3F0-BC3D-4ABE-A660-EA42912CF197}.Release|x64.ActiveCfg = Release|x64
		{0BCED3F0-BC3D-4ABE-A660-EA42912CF197}.Release|x64.Build.0 = Release|x64
		{0BCED3F0-BC3D-4ABE-A660-EA42912CF197}.Release|x86.ActiveCfg = Release|Win32
		{0BCED3F0-BC3D-4ABE-A660-EA42912CF197}.Release|x86.Build.0 = Release|Win32
		{97BEDEE7-B358-4361-BA9F-0CFFFE0A2BC6}.Debug|x64.ActiveCfg = Debug|x64
		{97BEDEE7-B358-4361-BA9F-0CFFFE0A2BC6}.Debug|x64.Build.0 = Debug|x64
		{97BEDEE7-B358-4361-BA9F-0CFFFE0A2BC6}.Debug|x86.ActiveCfg = Debug|Win32
		{97BEDEE7-B358-4361-BA9F-0CFFFE0A2BC6}.Debug|x86.Build.0 = Debug|Win32
		{97BEDEE7-B358-4361-BA9F-0CFFFE0A2BC6}.Release|x64.ActiveCfg = Release|x64
		{97BEDEE7-B358-4361-BA9F-0CFFFE0A2BC6}.Release|x64.Build.0 = Release|x64
		{97BEDEE7-B358-4361-BA9F-0CFFFE0A2BC6}.Release|x86.ActiveCfg = Release|Win32
		{97BEDEE7-B358-4361-BA9F-0CFFFE0A2BC6}.Release|x86.Build.0 = Release|Win32
	EndGlobalSection
	GlobalSection(SolutionProperties) = preSolution
		HideSolutionNode = FALSE
	EndGlobalSection
	GlobalSection(ExtensibilityGlobals) = postSolution
		SolutionGuid = {45A81297-7740-4495-96FB-E13AF1878289}
	EndGlobalSection
EndGlobal
