
Microsoft Visual Studio Solution File, Format Version 12.00
# Visual Studio Version 16
VisualStudioVersion = 16.0.31402.337
MinimumVisualStudioVersion = 10.0.40219.1
Project("{8BC9CEB8-8B4A-11D0-8D11-00A0C91BC942}") = "Cau 1 ( For)", "Cau 1 ( For)\Cau 1 ( For).vcxproj", "{52303432-988C-4A76-84C1-333F7786508D}"
EndProject
Project("{8BC9CEB8-8B4A-11D0-8D11-00A0C91BC942}") = "Cau 2( For )", "Cau 2( For )\Cau 2( For ).vcxproj", "{71871B0F-B342-4AE6-B69F-5975389A8412}"
EndProject
Project("{8BC9CEB8-8B4A-11D0-8D11-00A0C91BC942}") = "Cau 2(While)", "Cau 2(While)\Cau 2(While).vcxproj", "{CDE11913-6297-473F-8DD1-C92BDC7B6998}"
EndProject
Project("{8BC9CEB8-8B4A-11D0-8D11-00A0C91BC942}") = "Cau 3 (For)", "Cau 3 (For)\Cau 3 (For).vcxproj", "{795A0F7C-55CD-4C88-BBF9-A78CA2040318}"
EndProject
Project("{8BC9CEB8-8B4A-11D0-8D11-00A0C91BC942}") = "Cau 3(While)", "Cau 3(While)\Cau 3(While).vcxproj", "{BB7CC069-A4EC-48D1-A965-1A8CCFC8E9F8}"
EndProject
Project("{8BC9CEB8-8B4A-11D0-8D11-00A0C91BC942}") = "Cau 4(For)", "Cau 4(For)\Cau 4(For).vcxproj", "{331FD37F-46F3-44F4-836B-4249A31CFD85}"
EndProject
Project("{8BC9CEB8-8B4A-11D0-8D11-00A0C91BC942}") = "Cau 5(For)", "Cau 5(For)\Cau 5(For).vcxproj", "{70F18ED9-2EBA-4619-955C-11BDF8F0EE38}"
EndProject
Project("{8BC9CEB8-8B4A-11D0-8D11-00A0C91BC942}") = "Cau 5(while)", "Cau 5(while)\Cau 5(while).vcxproj", "{F716F755-2F98-477A-9312-F66D91D2D8D1}"
EndProject
Project("{8BC9CEB8-8B4A-11D0-8D11-00A0C91BC942}") = "Cau 6 (For)", "Cau 6 (For)\Cau 6 (For).vcxproj", "{CA034804-9B3A-49D1-B19C-66D27EDE7514}"
EndProject
Project("{8BC9CEB8-8B4A-11D0-8D11-00A0C91BC942}") = "Cau 6 (While)", "Cau 6 (While)\Cau 6 (While).vcxproj", "{88B6DDD0-E1EA-4B8D-8DA6-159EAA87D6F4}"
EndProject
Project("{8BC9CEB8-8B4A-11D0-8D11-00A0C91BC942}") = "Cau 1(While)", "Cau 1(While)\Cau 1(While).vcxproj", "{7E905F41-4C9B-466B-AD2A-4CAFD466839A}"
EndProject
Project("{8BC9CEB8-8B4A-11D0-8D11-00A0C91BC942}") = "Cau 4(While)", "Cau 4(While)\Cau 4(While).vcxproj", "{CD37EB61-F6A8-48F2-8394-F043C2CC9D28}"
EndProject
Project("{8BC9CEB8-8B4A-11D0-8D11-00A0C91BC942}") = "Cau 7(For)", "Cau 7(For)\Cau 7(For).vcxproj", "{B940B097-717D-4AAE-BE0F-6AAB3D7ACE79}"
EndProject
Project("{8BC9CEB8-8B4A-11D0-8D11-00A0C91BC942}") = "Cau 7(While)", "Cau 7(While)\Cau 7(While).vcxproj", "{EBCB6268-E216-4A24-8E78-C393F5B6355A}"
EndProject
Project("{8BC9CEB8-8B4A-11D0-8D11-00A0C91BC942}") = "Cau 8(For)", "Cau 8(For)\Cau 8(For).vcxproj", "{00B900AC-759B-4B91-A05F-B969133D4C4C}"
EndProject
Project("{8BC9CEB8-8B4A-11D0-8D11-00A0C91BC942}") = "Cau 8(While)", "Cau 8(While)\Cau 8(While).vcxproj", "{F3D23602-1172-4CC3-B4E6-38F930B9868A}"
EndProject
Project("{8BC9CEB8-8B4A-11D0-8D11-00A0C91BC942}") = "Cau 9(For)", "Cau 9(For)\Cau 9(For).vcxproj", "{7F4849EF-D1DA-4AA0-8B33-67CB9742D033}"
EndProject
Project("{8BC9CEB8-8B4A-11D0-8D11-00A0C91BC942}") = "Cau 9(While)", "Cau 9(While)\Cau 9(While).vcxproj", "{0B330A53-DD87-4DA3-9A8D-B811D2244A65}"
EndProject
Project("{8BC9CEB8-8B4A-11D0-8D11-00A0C91BC942}") = "Cau 10(For)", "Cau 10(For)\Cau 10(For).vcxproj", "{96B53D0E-A4B8-490D-8171-0C87CAEB5868}"
EndProject
Project("{8BC9CEB8-8B4A-11D0-8D11-00A0C91BC942}") = "Cau 10(While)", "Cau 10(While)\Cau 10(While).vcxproj", "{B128863F-2138-4438-881E-CCC021B3DDFB}"
EndProject
Project("{8BC9CEB8-8B4A-11D0-8D11-00A0C91BC942}") = "Cau 11(For)", "Cau 11(For)\Cau 11(For).vcxproj", "{033A5585-7D3F-4F64-981D-1C619E6CB574}"
EndProject
Project("{8BC9CEB8-8B4A-11D0-8D11-00A0C91BC942}") = "Cau 11(While)", "Cau 11(While)\Cau 11(While).vcxproj", "{DDADF83B-C424-4AE7-92B7-DA855085FF05}"
EndProject
Project("{8BC9CEB8-8B4A-11D0-8D11-00A0C91BC942}") = "Cau 12(For)", "Cau 12(For)\Cau 12(For).vcxproj", "{0718776F-FC4A-4CEB-A006-D5CA66D1E5F7}"
EndProject
Project("{8BC9CEB8-8B4A-11D0-8D11-00A0C91BC942}") = "Cau 12(While)", "Cau 12(While)\Cau 12(While).vcxproj", "{4E80B6FF-371A-46E7-8EB0-96C56552514A}"
EndProject
Project("{8BC9CEB8-8B4A-11D0-8D11-00A0C91BC942}") = "Cau 13(For)", "Cau 13(For)\Cau 13(For).vcxproj", "{C00C3F17-BCD4-4526-8B89-B8B52CC42CB1}"
EndProject
Project("{8BC9CEB8-8B4A-11D0-8D11-00A0C91BC942}") = "Cau 13(While)", "Cau 13(While)\Cau 13(While).vcxproj", "{D37FFE04-C771-4830-A1ED-EC33AACF1F13}"
EndProject
Project("{8BC9CEB8-8B4A-11D0-8D11-00A0C91BC942}") = "Cau 14(For)", "Cau 14(For)\Cau 14(For).vcxproj", "{A8DB461A-40D0-4EB9-BC24-A578F8BFF709}"
EndProject
Project("{8BC9CEB8-8B4A-11D0-8D11-00A0C91BC942}") = "Cau 14(While)", "Cau 14(While)\Cau 14(While).vcxproj", "{B1C6371B-E82C-4C81-84E8-7D888B733703}"
EndProject
Project("{8BC9CEB8-8B4A-11D0-8D11-00A0C91BC942}") = "Cau 15(For)", "Cau 15(For)\Cau 15(For).vcxproj", "{8D679ED6-E78D-436F-A50C-A703D752216F}"
EndProject
Project("{8BC9CEB8-8B4A-11D0-8D11-00A0C91BC942}") = "Cau 15(While)", "Cau 15(While)\Cau 15(While).vcxproj", "{EA1D77E1-0BD1-401E-8A57-056607BBA3A5}"
EndProject
Global
	GlobalSection(SolutionConfigurationPlatforms) = preSolution
		Debug|x64 = Debug|x64
		Debug|x86 = Debug|x86
		Release|x64 = Release|x64
		Release|x86 = Release|x86
	EndGlobalSection
	GlobalSection(ProjectConfigurationPlatforms) = postSolution
		{52303432-988C-4A76-84C1-333F7786508D}.Debug|x64.ActiveCfg = Debug|x64
		{52303432-988C-4A76-84C1-333F7786508D}.Debug|x64.Build.0 = Debug|x64
		{52303432-988C-4A76-84C1-333F7786508D}.Debug|x86.ActiveCfg = Debug|Win32
		{52303432-988C-4A76-84C1-333F7786508D}.Debug|x86.Build.0 = Debug|Win32
		{52303432-988C-4A76-84C1-333F7786508D}.Release|x64.ActiveCfg = Release|x64
		{52303432-988C-4A76-84C1-333F7786508D}.Release|x64.Build.0 = Release|x64
		{52303432-988C-4A76-84C1-333F7786508D}.Release|x86.ActiveCfg = Release|Win32
		{52303432-988C-4A76-84C1-333F7786508D}.Release|x86.Build.0 = Release|Win32
		{71871B0F-B342-4AE6-B69F-5975389A8412}.Debug|x64.ActiveCfg = Debug|x64
		{71871B0F-B342-4AE6-B69F-5975389A8412}.Debug|x64.Build.0 = Debug|x64
		{71871B0F-B342-4AE6-B69F-5975389A8412}.Debug|x86.ActiveCfg = Debug|Win32
		{71871B0F-B342-4AE6-B69F-5975389A8412}.Debug|x86.Build.0 = Debug|Win32
		{71871B0F-B342-4AE6-B69F-5975389A8412}.Release|x64.ActiveCfg = Release|x64
		{71871B0F-B342-4AE6-B69F-5975389A8412}.Release|x64.Build.0 = Release|x64
		{71871B0F-B342-4AE6-B69F-5975389A8412}.Release|x86.ActiveCfg = Release|Win32
		{71871B0F-B342-4AE6-B69F-5975389A8412}.Release|x86.Build.0 = Release|Win32
		{CDE11913-6297-473F-8DD1-C92BDC7B6998}.Debug|x64.ActiveCfg = Debug|x64
		{CDE11913-6297-473F-8DD1-C92BDC7B6998}.Debug|x64.Build.0 = Debug|x64
		{CDE11913-6297-473F-8DD1-C92BDC7B6998}.Debug|x86.ActiveCfg = Debug|Win32
		{CDE11913-6297-473F-8DD1-C92BDC7B6998}.Debug|x86.Build.0 = Debug|Win32
		{CDE11913-6297-473F-8DD1-C92BDC7B6998}.Release|x64.ActiveCfg = Release|x64
		{CDE11913-6297-473F-8DD1-C92BDC7B6998}.Release|x64.Build.0 = Release|x64
		{CDE11913-6297-473F-8DD1-C92BDC7B6998}.Release|x86.ActiveCfg = Release|Win32
		{CDE11913-6297-473F-8DD1-C92BDC7B6998}.Release|x86.Build.0 = Release|Win32
		{795A0F7C-55CD-4C88-BBF9-A78CA2040318}.Debug|x64.ActiveCfg = Debug|x64
		{795A0F7C-55CD-4C88-BBF9-A78CA2040318}.Debug|x64.Build.0 = Debug|x64
		{795A0F7C-55CD-4C88-BBF9-A78CA2040318}.Debug|x86.ActiveCfg = Debug|Win32
		{795A0F7C-55CD-4C88-BBF9-A78CA2040318}.Debug|x86.Build.0 = Debug|Win32
		{795A0F7C-55CD-4C88-BBF9-A78CA2040318}.Release|x64.ActiveCfg = Release|x64
		{795A0F7C-55CD-4C88-BBF9-A78CA2040318}.Release|x64.Build.0 = Release|x64
		{795A0F7C-55CD-4C88-BBF9-A78CA2040318}.Release|x86.ActiveCfg = Release|Win32
		{795A0F7C-55CD-4C88-BBF9-A78CA2040318}.Release|x86.Build.0 = Release|Win32
		{BB7CC069-A4EC-48D1-A965-1A8CCFC8E9F8}.Debug|x64.ActiveCfg = Debug|x64
		{BB7CC069-A4EC-48D1-A965-1A8CCFC8E9F8}.Debug|x64.Build.0 = Debug|x64
		{BB7CC069-A4EC-48D1-A965-1A8CCFC8E9F8}.Debug|x86.ActiveCfg = Debug|Win32
		{BB7CC069-A4EC-48D1-A965-1A8CCFC8E9F8}.Debug|x86.Build.0 = Debug|Win32
		{BB7CC069-A4EC-48D1-A965-1A8CCFC8E9F8}.Release|x64.ActiveCfg = Release|x64
		{BB7CC069-A4EC-48D1-A965-1A8CCFC8E9F8}.Release|x64.Build.0 = Release|x64
		{BB7CC069-A4EC-48D1-A965-1A8CCFC8E9F8}.Release|x86.ActiveCfg = Release|Win32
		{BB7CC069-A4EC-48D1-A965-1A8CCFC8E9F8}.Release|x86.Build.0 = Release|Win32
		{331FD37F-46F3-44F4-836B-4249A31CFD85}.Debug|x64.ActiveCfg = Debug|x64
		{331FD37F-46F3-44F4-836B-4249A31CFD85}.Debug|x64.Build.0 = Debug|x64
		{331FD37F-46F3-44F4-836B-4249A31CFD85}.Debug|x86.ActiveCfg = Debug|Win32
		{331FD37F-46F3-44F4-836B-4249A31CFD85}.Debug|x86.Build.0 = Debug|Win32
		{331FD37F-46F3-44F4-836B-4249A31CFD85}.Release|x64.ActiveCfg = Release|x64
		{331FD37F-46F3-44F4-836B-4249A31CFD85}.Release|x64.Build.0 = Release|x64
		{331FD37F-46F3-44F4-836B-4249A31CFD85}.Release|x86.ActiveCfg = Release|Win32
		{331FD37F-46F3-44F4-836B-4249A31CFD85}.Release|x86.Build.0 = Release|Win32
		{70F18ED9-2EBA-4619-955C-11BDF8F0EE38}.Debug|x64.ActiveCfg = Debug|x64
		{70F18ED9-2EBA-4619-955C-11BDF8F0EE38}.Debug|x64.Build.0 = Debug|x64
		{70F18ED9-2EBA-4619-955C-11BDF8F0EE38}.Debug|x86.ActiveCfg = Debug|Win32
		{70F18ED9-2EBA-4619-955C-11BDF8F0EE38}.Debug|x86.Build.0 = Debug|Win32
		{70F18ED9-2EBA-4619-955C-11BDF8F0EE38}.Release|x64.ActiveCfg = Release|x64
		{70F18ED9-2EBA-4619-955C-11BDF8F0EE38}.Release|x64.Build.0 = Release|x64
		{70F18ED9-2EBA-4619-955C-11BDF8F0EE38}.Release|x86.ActiveCfg = Release|Win32
		{70F18ED9-2EBA-4619-955C-11BDF8F0EE38}.Release|x86.Build.0 = Release|Win32
		{F716F755-2F98-477A-9312-F66D91D2D8D1}.Debug|x64.ActiveCfg = Debug|x64
		{F716F755-2F98-477A-9312-F66D91D2D8D1}.Debug|x64.Build.0 = Debug|x64
		{F716F755-2F98-477A-9312-F66D91D2D8D1}.Debug|x86.ActiveCfg = Debug|Win32
		{F716F755-2F98-477A-9312-F66D91D2D8D1}.Debug|x86.Build.0 = Debug|Win32
		{F716F755-2F98-477A-9312-F66D91D2D8D1}.Release|x64.ActiveCfg = Release|x64
		{F716F755-2F98-477A-9312-F66D91D2D8D1}.Release|x64.Build.0 = Release|x64
		{F716F755-2F98-477A-9312-F66D91D2D8D1}.Release|x86.ActiveCfg = Release|Win32
		{F716F755-2F98-477A-9312-F66D91D2D8D1}.Release|x86.Build.0 = Release|Win32
		{CA034804-9B3A-49D1-B19C-66D27EDE7514}.Debug|x64.ActiveCfg = Debug|x64
		{CA034804-9B3A-49D1-B19C-66D27EDE7514}.Debug|x64.Build.0 = Debug|x64
		{CA034804-9B3A-49D1-B19C-66D27EDE7514}.Debug|x86.ActiveCfg = Debug|Win32
		{CA034804-9B3A-49D1-B19C-66D27EDE7514}.Debug|x86.Build.0 = Debug|Win32
		{CA034804-9B3A-49D1-B19C-66D27EDE7514}.Release|x64.ActiveCfg = Release|x64
		{CA034804-9B3A-49D1-B19C-66D27EDE7514}.Release|x64.Build.0 = Release|x64
		{CA034804-9B3A-49D1-B19C-66D27EDE7514}.Release|x86.ActiveCfg = Release|Win32
		{CA034804-9B3A-49D1-B19C-66D27EDE7514}.Release|x86.Build.0 = Release|Win32
		{88B6DDD0-E1EA-4B8D-8DA6-159EAA87D6F4}.Debug|x64.ActiveCfg = Debug|x64
		{88B6DDD0-E1EA-4B8D-8DA6-159EAA87D6F4}.Debug|x64.Build.0 = Debug|x64
		{88B6DDD0-E1EA-4B8D-8DA6-159EAA87D6F4}.Debug|x86.ActiveCfg = Debug|Win32
		{88B6DDD0-E1EA-4B8D-8DA6-159EAA87D6F4}.Debug|x86.Build.0 = Debug|Win32
		{88B6DDD0-E1EA-4B8D-8DA6-159EAA87D6F4}.Release|x64.ActiveCfg = Release|x64
		{88B6DDD0-E1EA-4B8D-8DA6-159EAA87D6F4}.Release|x64.Build.0 = Release|x64
		{88B6DDD0-E1EA-4B8D-8DA6-159EAA87D6F4}.Release|x86.ActiveCfg = Release|Win32
		{88B6DDD0-E1EA-4B8D-8DA6-159EAA87D6F4}.Release|x86.Build.0 = Release|Win32
		{7E905F41-4C9B-466B-AD2A-4CAFD466839A}.Debug|x64.ActiveCfg = Debug|x64
		{7E905F41-4C9B-466B-AD2A-4CAFD466839A}.Debug|x64.Build.0 = Debug|x64
		{7E905F41-4C9B-466B-AD2A-4CAFD466839A}.Debug|x86.ActiveCfg = Debug|Win32
		{7E905F41-4C9B-466B-AD2A-4CAFD466839A}.Debug|x86.Build.0 = Debug|Win32
		{7E905F41-4C9B-466B-AD2A-4CAFD466839A}.Release|x64.ActiveCfg = Release|x64
		{7E905F41-4C9B-466B-AD2A-4CAFD466839A}.Release|x64.Build.0 = Release|x64
		{7E905F41-4C9B-466B-AD2A-4CAFD466839A}.Release|x86.ActiveCfg = Release|Win32
		{7E905F41-4C9B-466B-AD2A-4CAFD466839A}.Release|x86.Build.0 = Release|Win32
		{CD37EB61-F6A8-48F2-8394-F043C2CC9D28}.Debug|x64.ActiveCfg = Debug|x64
		{CD37EB61-F6A8-48F2-8394-F043C2CC9D28}.Debug|x64.Build.0 = Debug|x64
		{CD37EB61-F6A8-48F2-8394-F043C2CC9D28}.Debug|x86.ActiveCfg = Debug|Win32
		{CD37EB61-F6A8-48F2-8394-F043C2CC9D28}.Debug|x86.Build.0 = Debug|Win32
		{CD37EB61-F6A8-48F2-8394-F043C2CC9D28}.Release|x64.ActiveCfg = Release|x64
		{CD37EB61-F6A8-48F2-8394-F043C2CC9D28}.Release|x64.Build.0 = Release|x64
		{CD37EB61-F6A8-48F2-8394-F043C2CC9D28}.Release|x86.ActiveCfg = Release|Win32
		{CD37EB61-F6A8-48F2-8394-F043C2CC9D28}.Release|x86.Build.0 = Release|Win32
		{B940B097-717D-4AAE-BE0F-6AAB3D7ACE79}.Debug|x64.ActiveCfg = Debug|x64
		{B940B097-717D-4AAE-BE0F-6AAB3D7ACE79}.Debug|x64.Build.0 = Debug|x64
		{B940B097-717D-4AAE-BE0F-6AAB3D7ACE79}.Debug|x86.ActiveCfg = Debug|Win32
		{B940B097-717D-4AAE-BE0F-6AAB3D7ACE79}.Debug|x86.Build.0 = Debug|Win32
		{B940B097-717D-4AAE-BE0F-6AAB3D7ACE79}.Release|x64.ActiveCfg = Release|x64
		{B940B097-717D-4AAE-BE0F-6AAB3D7ACE79}.Release|x64.Build.0 = Release|x64
		{B940B097-717D-4AAE-BE0F-6AAB3D7ACE79}.Release|x86.ActiveCfg = Release|Win32
		{B940B097-717D-4AAE-BE0F-6AAB3D7ACE79}.Release|x86.Build.0 = Release|Win32
		{EBCB6268-E216-4A24-8E78-C393F5B6355A}.Debug|x64.ActiveCfg = Debug|x64
		{EBCB6268-E216-4A24-8E78-C393F5B6355A}.Debug|x64.Build.0 = Debug|x64
		{EBCB6268-E216-4A24-8E78-C393F5B6355A}.Debug|x86.ActiveCfg = Debug|Win32
		{EBCB6268-E216-4A24-8E78-C393F5B6355A}.Debug|x86.Build.0 = Debug|Win32
		{EBCB6268-E216-4A24-8E78-C393F5B6355A}.Release|x64.ActiveCfg = Release|x64
		{EBCB6268-E216-4A24-8E78-C393F5B6355A}.Release|x64.Build.0 = Release|x64
		{EBCB6268-E216-4A24-8E78-C393F5B6355A}.Release|x86.ActiveCfg = Release|Win32
		{EBCB6268-E216-4A24-8E78-C393F5B6355A}.Release|x86.Build.0 = Release|Win32
		{00B900AC-759B-4B91-A05F-B969133D4C4C}.Debug|x64.ActiveCfg = Debug|x64
		{00B900AC-759B-4B91-A05F-B969133D4C4C}.Debug|x64.Build.0 = Debug|x64
		{00B900AC-759B-4B91-A05F-B969133D4C4C}.Debug|x86.ActiveCfg = Debug|Win32
		{00B900AC-759B-4B91-A05F-B969133D4C4C}.Debug|x86.Build.0 = Debug|Win32
		{00B900AC-759B-4B91-A05F-B969133D4C4C}.Release|x64.ActiveCfg = Release|x64
		{00B900AC-759B-4B91-A05F-B969133D4C4C}.Release|x64.Build.0 = Release|x64
		{00B900AC-759B-4B91-A05F-B969133D4C4C}.Release|x86.ActiveCfg = Release|Win32
		{00B900AC-759B-4B91-A05F-B969133D4C4C}.Release|x86.Build.0 = Release|Win32
		{F3D23602-1172-4CC3-B4E6-38F930B9868A}.Debug|x64.ActiveCfg = Debug|x64
		{F3D23602-1172-4CC3-B4E6-38F930B9868A}.Debug|x64.Build.0 = Debug|x64
		{F3D23602-1172-4CC3-B4E6-38F930B9868A}.Debug|x86.ActiveCfg = Debug|Win32
		{F3D23602-1172-4CC3-B4E6-38F930B9868A}.Debug|x86.Build.0 = Debug|Win32
		{F3D23602-1172-4CC3-B4E6-38F930B9868A}.Release|x64.ActiveCfg = Release|x64
		{F3D23602-1172-4CC3-B4E6-38F930B9868A}.Release|x64.Build.0 = Release|x64
		{F3D23602-1172-4CC3-B4E6-38F930B9868A}.Release|x86.ActiveCfg = Release|Win32
		{F3D23602-1172-4CC3-B4E6-38F930B9868A}.Release|x86.Build.0 = Release|Win32
		{7F4849EF-D1DA-4AA0-8B33-67CB9742D033}.Debug|x64.ActiveCfg = Debug|x64
		{7F4849EF-D1DA-4AA0-8B33-67CB9742D033}.Debug|x64.Build.0 = Debug|x64
		{7F4849EF-D1DA-4AA0-8B33-67CB9742D033}.Debug|x86.ActiveCfg = Debug|Win32
		{7F4849EF-D1DA-4AA0-8B33-67CB9742D033}.Debug|x86.Build.0 = Debug|Win32
		{7F4849EF-D1DA-4AA0-8B33-67CB9742D033}.Release|x64.ActiveCfg = Release|x64
		{7F4849EF-D1DA-4AA0-8B33-67CB9742D033}.Release|x64.Build.0 = Release|x64
		{7F4849EF-D1DA-4AA0-8B33-67CB9742D033}.Release|x86.ActiveCfg = Release|Win32
		{7F4849EF-D1DA-4AA0-8B33-67CB9742D033}.Release|x86.Build.0 = Release|Win32
		{0B330A53-DD87-4DA3-9A8D-B811D2244A65}.Debug|x64.ActiveCfg = Debug|x64
		{0B330A53-DD87-4DA3-9A8D-B811D2244A65}.Debug|x64.Build.0 = Debug|x64
		{0B330A53-DD87-4DA3-9A8D-B811D2244A65}.Debug|x86.ActiveCfg = Debug|Win32
		{0B330A53-DD87-4DA3-9A8D-B811D2244A65}.Debug|x86.Build.0 = Debug|Win32
		{0B330A53-DD87-4DA3-9A8D-B811D2244A65}.Release|x64.ActiveCfg = Release|x64
		{0B330A53-DD87-4DA3-9A8D-B811D2244A65}.Release|x64.Build.0 = Release|x64
		{0B330A53-DD87-4DA3-9A8D-B811D2244A65}.Release|x86.ActiveCfg = Release|Win32
		{0B330A53-DD87-4DA3-9A8D-B811D2244A65}.Release|x86.Build.0 = Release|Win32
		{96B53D0E-A4B8-490D-8171-0C87CAEB5868}.Debug|x64.ActiveCfg = Debug|x64
		{96B53D0E-A4B8-490D-8171-0C87CAEB5868}.Debug|x64.Build.0 = Debug|x64
		{96B53D0E-A4B8-490D-8171-0C87CAEB5868}.Debug|x86.ActiveCfg = Debug|Win32
		{96B53D0E-A4B8-490D-8171-0C87CAEB5868}.Debug|x86.Build.0 = Debug|Win32
		{96B53D0E-A4B8-490D-8171-0C87CAEB5868}.Release|x64.ActiveCfg = Release|x64
		{96B53D0E-A4B8-490D-8171-0C87CAEB5868}.Release|x64.Build.0 = Release|x64
		{96B53D0E-A4B8-490D-8171-0C87CAEB5868}.Release|x86.ActiveCfg = Release|Win32
		{96B53D0E-A4B8-490D-8171-0C87CAEB5868}.Release|x86.Build.0 = Release|Win32
		{B128863F-2138-4438-881E-CCC021B3DDFB}.Debug|x64.ActiveCfg = Debug|x64
		{B128863F-2138-4438-881E-CCC021B3DDFB}.Debug|x64.Build.0 = Debug|x64
		{B128863F-2138-4438-881E-CCC021B3DDFB}.Debug|x86.ActiveCfg = Debug|Win32
		{B128863F-2138-4438-881E-CCC021B3DDFB}.Debug|x86.Build.0 = Debug|Win32
		{B128863F-2138-4438-881E-CCC021B3DDFB}.Release|x64.ActiveCfg = Release|x64
		{B128863F-2138-4438-881E-CCC021B3DDFB}.Release|x64.Build.0 = Release|x64
		{B128863F-2138-4438-881E-CCC021B3DDFB}.Release|x86.ActiveCfg = Release|Win32
		{B128863F-2138-4438-881E-CCC021B3DDFB}.Release|x86.Build.0 = Release|Win32
		{033A5585-7D3F-4F64-981D-1C619E6CB574}.Debug|x64.ActiveCfg = Debug|x64
		{033A5585-7D3F-4F64-981D-1C619E6CB574}.Debug|x64.Build.0 = Debug|x64
		{033A5585-7D3F-4F64-981D-1C619E6CB574}.Debug|x86.ActiveCfg = Debug|Win32
		{033A5585-7D3F-4F64-981D-1C619E6CB574}.Debug|x86.Build.0 = Debug|Win32
		{033A5585-7D3F-4F64-981D-1C619E6CB574}.Release|x64.ActiveCfg = Release|x64
		{033A5585-7D3F-4F64-981D-1C619E6CB574}.Release|x64.Build.0 = Release|x64
		{033A5585-7D3F-4F64-981D-1C619E6CB574}.Release|x86.ActiveCfg = Release|Win32
		{033A5585-7D3F-4F64-981D-1C619E6CB574}.Release|x86.Build.0 = Release|Win32
		{DDADF83B-C424-4AE7-92B7-DA855085FF05}.Debug|x64.ActiveCfg = Debug|x64
		{DDADF83B-C424-4AE7-92B7-DA855085FF05}.Debug|x64.Build.0 = Debug|x64
		{DDADF83B-C424-4AE7-92B7-DA855085FF05}.Debug|x86.ActiveCfg = Debug|Win32
		{DDADF83B-C424-4AE7-92B7-DA855085FF05}.Debug|x86.Build.0 = Debug|Win32
		{DDADF83B-C424-4AE7-92B7-DA855085FF05}.Release|x64.ActiveCfg = Release|x64
		{DDADF83B-C424-4AE7-92B7-DA855085FF05}.Release|x64.Build.0 = Release|x64
		{DDADF83B-C424-4AE7-92B7-DA855085FF05}.Release|x86.ActiveCfg = Release|Win32
		{DDADF83B-C424-4AE7-92B7-DA855085FF05}.Release|x86.Build.0 = Release|Win32
		{0718776F-FC4A-4CEB-A006-D5CA66D1E5F7}.Debug|x64.ActiveCfg = Debug|x64
		{0718776F-FC4A-4CEB-A006-D5CA66D1E5F7}.Debug|x64.Build.0 = Debug|x64
		{0718776F-FC4A-4CEB-A006-D5CA66D1E5F7}.Debug|x86.ActiveCfg = Debug|Win32
		{0718776F-FC4A-4CEB-A006-D5CA66D1E5F7}.Debug|x86.Build.0 = Debug|Win32
		{0718776F-FC4A-4CEB-A006-D5CA66D1E5F7}.Release|x64.ActiveCfg = Release|x64
		{0718776F-FC4A-4CEB-A006-D5CA66D1E5F7}.Release|x64.Build.0 = Release|x64
		{0718776F-FC4A-4CEB-A006-D5CA66D1E5F7}.Release|x86.ActiveCfg = Release|Win32
		{0718776F-FC4A-4CEB-A006-D5CA66D1E5F7}.Release|x86.Build.0 = Release|Win32
		{4E80B6FF-371A-46E7-8EB0-96C56552514A}.Debug|x64.ActiveCfg = Debug|x64
		{4E80B6FF-371A-46E7-8EB0-96C56552514A}.Debug|x64.Build.0 = Debug|x64
		{4E80B6FF-371A-46E7-8EB0-96C56552514A}.Debug|x86.ActiveCfg = Debug|Win32
		{4E80B6FF-371A-46E7-8EB0-96C56552514A}.Debug|x86.Build.0 = Debug|Win32
		{4E80B6FF-371A-46E7-8EB0-96C56552514A}.Release|x64.ActiveCfg = Release|x64
		{4E80B6FF-371A-46E7-8EB0-96C56552514A}.Release|x64.Build.0 = Release|x64
		{4E80B6FF-371A-46E7-8EB0-96C56552514A}.Release|x86.ActiveCfg = Release|Win32
		{4E80B6FF-371A-46E7-8EB0-96C56552514A}.Release|x86.Build.0 = Release|Win32
		{C00C3F17-BCD4-4526-8B89-B8B52CC42CB1}.Debug|x64.ActiveCfg = Debug|x64
		{C00C3F17-BCD4-4526-8B89-B8B52CC42CB1}.Debug|x64.Build.0 = Debug|x64
		{C00C3F17-BCD4-4526-8B89-B8B52CC42CB1}.Debug|x86.ActiveCfg = Debug|Win32
		{C00C3F17-BCD4-4526-8B89-B8B52CC42CB1}.Debug|x86.Build.0 = Debug|Win32
		{C00C3F17-BCD4-4526-8B89-B8B52CC42CB1}.Release|x64.ActiveCfg = Release|x64
		{C00C3F17-BCD4-4526-8B89-B8B52CC42CB1}.Release|x64.Build.0 = Release|x64
		{C00C3F17-BCD4-4526-8B89-B8B52CC42CB1}.Release|x86.ActiveCfg = Release|Win32
		{C00C3F17-BCD4-4526-8B89-B8B52CC42CB1}.Release|x86.Build.0 = Release|Win32
		{D37FFE04-C771-4830-A1ED-EC33AACF1F13}.Debug|x64.ActiveCfg = Debug|x64
		{D37FFE04-C771-4830-A1ED-EC33AACF1F13}.Debug|x64.Build.0 = Debug|x64
		{D37FFE04-C771-4830-A1ED-EC33AACF1F13}.Debug|x86.ActiveCfg = Debug|Win32
		{D37FFE04-C771-4830-A1ED-EC33AACF1F13}.Debug|x86.Build.0 = Debug|Win32
		{D37FFE04-C771-4830-A1ED-EC33AACF1F13}.Release|x64.ActiveCfg = Release|x64
		{D37FFE04-C771-4830-A1ED-EC33AACF1F13}.Release|x64.Build.0 = Release|x64
		{D37FFE04-C771-4830-A1ED-EC33AACF1F13}.Release|x86.ActiveCfg = Release|Win32
		{D37FFE04-C771-4830-A1ED-EC33AACF1F13}.Release|x86.Build.0 = Release|Win32
		{A8DB461A-40D0-4EB9-BC24-A578F8BFF709}.Debug|x64.ActiveCfg = Debug|x64
		{A8DB461A-40D0-4EB9-BC24-A578F8BFF709}.Debug|x64.Build.0 = Debug|x64
		{A8DB461A-40D0-4EB9-BC24-A578F8BFF709}.Debug|x86.ActiveCfg = Debug|Win32
		{A8DB461A-40D0-4EB9-BC24-A578F8BFF709}.Debug|x86.Build.0 = Debug|Win32
		{A8DB461A-40D0-4EB9-BC24-A578F8BFF709}.Release|x64.ActiveCfg = Release|x64
		{A8DB461A-40D0-4EB9-BC24-A578F8BFF709}.Release|x64.Build.0 = Release|x64
		{A8DB461A-40D0-4EB9-BC24-A578F8BFF709}.Release|x86.ActiveCfg = Release|Win32
		{A8DB461A-40D0-4EB9-BC24-A578F8BFF709}.Release|x86.Build.0 = Release|Win32
		{B1C6371B-E82C-4C81-84E8-7D888B733703}.Debug|x64.ActiveCfg = Debug|x64
		{B1C6371B-E82C-4C81-84E8-7D888B733703}.Debug|x64.Build.0 = Debug|x64
		{B1C6371B-E82C-4C81-84E8-7D888B733703}.Debug|x86.ActiveCfg = Debug|Win32
		{B1C6371B-E82C-4C81-84E8-7D888B733703}.Debug|x86.Build.0 = Debug|Win32
		{B1C6371B-E82C-4C81-84E8-7D888B733703}.Release|x64.ActiveCfg = Release|x64
		{B1C6371B-E82C-4C81-84E8-7D888B733703}.Release|x64.Build.0 = Release|x64
		{B1C6371B-E82C-4C81-84E8-7D888B733703}.Release|x86.ActiveCfg = Release|Win32
		{B1C6371B-E82C-4C81-84E8-7D888B733703}.Release|x86.Build.0 = Release|Win32
		{8D679ED6-E78D-436F-A50C-A703D752216F}.Debug|x64.ActiveCfg = Debug|x64
		{8D679ED6-E78D-436F-A50C-A703D752216F}.Debug|x64.Build.0 = Debug|x64
		{8D679ED6-E78D-436F-A50C-A703D752216F}.Debug|x86.ActiveCfg = Debug|Win32
		{8D679ED6-E78D-436F-A50C-A703D752216F}.Debug|x86.Build.0 = Debug|Win32
		{8D679ED6-E78D-436F-A50C-A703D752216F}.Release|x64.ActiveCfg = Release|x64
		{8D679ED6-E78D-436F-A50C-A703D752216F}.Release|x64.Build.0 = Release|x64
		{8D679ED6-E78D-436F-A50C-A703D752216F}.Release|x86.ActiveCfg = Release|Win32
		{8D679ED6-E78D-436F-A50C-A703D752216F}.Release|x86.Build.0 = Release|Win32
		{EA1D77E1-0BD1-401E-8A57-056607BBA3A5}.Debug|x64.ActiveCfg = Debug|x64
		{EA1D77E1-0BD1-401E-8A57-056607BBA3A5}.Debug|x64.Build.0 = Debug|x64
		{EA1D77E1-0BD1-401E-8A57-056607BBA3A5}.Debug|x86.ActiveCfg = Debug|Win32
		{EA1D77E1-0BD1-401E-8A57-056607BBA3A5}.Debug|x86.Build.0 = Debug|Win32
		{EA1D77E1-0BD1-401E-8A57-056607BBA3A5}.Release|x64.ActiveCfg = Release|x64
		{EA1D77E1-0BD1-401E-8A57-056607BBA3A5}.Release|x64.Build.0 = Release|x64
		{EA1D77E1-0BD1-401E-8A57-056607BBA3A5}.Release|x86.ActiveCfg = Release|Win32
		{EA1D77E1-0BD1-401E-8A57-056607BBA3A5}.Release|x86.Build.0 = Release|Win32
	EndGlobalSection
	GlobalSection(SolutionProperties) = preSolution
		HideSolutionNode = FALSE
	EndGlobalSection
	GlobalSection(ExtensibilityGlobals) = postSolution
		SolutionGuid = {44DBA990-A818-4B32-81CD-35C1AB7EDEEB}
	EndGlobalSection
EndGlobal
