
Microsoft Visual Studio Solution File, Format Version 12.00
# Visual Studio Version 16
VisualStudioVersion = 16.0.31402.337
MinimumVisualStudioVersion = 10.0.40219.1
Project("{8BC9CEB8-8B4A-11D0-8D11-00A0C91BC942}") = "Cau1", "Cau1\Cau1.vcxproj", "{BCA1C8A0-EBFB-4D58-A162-7B8483995F41}"
EndProject
Project("{8BC9CEB8-8B4A-11D0-8D11-00A0C91BC942}") = "Cau2", "Cau2\Cau2.vcxproj", "{381869BA-7C0A-4AA6-9992-AF7D859BAFCF}"
EndProject
Project("{8BC9CEB8-8B4A-11D0-8D11-00A0C91BC942}") = "Cau4", "Cau4\Cau4.vcxproj", "{14C0B111-560A-450F-89A5-75ADF61EAE68}"
EndProject
Project("{8BC9CEB8-8B4A-11D0-8D11-00A0C91BC942}") = "Cau3", "Cau3\Cau3.vcxproj", "{747DF53D-83ED-47C2-8CB6-54710BF09D50}"
EndProject
Project("{8BC9CEB8-8B4A-11D0-8D11-00A0C91BC942}") = "Cau5", "Cau5\Cau5.vcxproj", "{3441E648-E972-4574-A3AE-FF0233C788FC}"
EndProject
Project("{8BC9CEB8-8B4A-11D0-8D11-00A0C91BC942}") = "Cau6", "Cau6\Cau6.vcxproj", "{FA315C6F-4B92-4D69-BFB9-98E75E0F809E}"
EndProject
Project("{8BC9CEB8-8B4A-11D0-8D11-00A0C91BC942}") = "Cau7", "Cau7\Cau7.vcxproj", "{D6FFCD72-D64B-4F61-81B8-E7A10DB84557}"
EndProject
Project("{8BC9CEB8-8B4A-11D0-8D11-00A0C91BC942}") = "Cau8", "Cau8\Cau8.vcxproj", "{7E0B33A2-8E88-4B0D-8F8D-A21E4F415A4B}"
EndProject
Project("{8BC9CEB8-8B4A-11D0-8D11-00A0C91BC942}") = "Cau9", "Cau9\Cau9.vcxproj", "{9BE492F0-93FF-4AAE-ACF6-5048B4CB2590}"
EndProject
Project("{8BC9CEB8-8B4A-11D0-8D11-00A0C91BC942}") = "Cau10", "Cau10\Cau10.vcxproj", "{50B77DD7-868B-4E4A-937D-E0EF0A2C6EF2}"
EndProject
Global
	GlobalSection(SolutionConfigurationPlatforms) = preSolution
		Debug|x64 = Debug|x64
		Debug|x86 = Debug|x86
		Release|x64 = Release|x64
		Release|x86 = Release|x86
	EndGlobalSection
	GlobalSection(ProjectConfigurationPlatforms) = postSolution
		{BCA1C8A0-EBFB-4D58-A162-7B8483995F41}.Debug|x64.ActiveCfg = Debug|x64
		{BCA1C8A0-EBFB-4D58-A162-7B8483995F41}.Debug|x64.Build.0 = Debug|x64
		{BCA1C8A0-EBFB-4D58-A162-7B8483995F41}.Debug|x86.ActiveCfg = Debug|Win32
		{BCA1C8A0-EBFB-4D58-A162-7B8483995F41}.Debug|x86.Build.0 = Debug|Win32
		{BCA1C8A0-EBFB-4D58-A162-7B8483995F41}.Release|x64.ActiveCfg = Release|x64
		{BCA1C8A0-EBFB-4D58-A162-7B8483995F41}.Release|x64.Build.0 = Release|x64
		{BCA1C8A0-EBFB-4D58-A162-7B8483995F41}.Release|x86.ActiveCfg = Release|Win32
		{BCA1C8A0-EBFB-4D58-A162-7B8483995F41}.Release|x86.Build.0 = Release|Win32
		{381869BA-7C0A-4AA6-9992-AF7D859BAFCF}.Debug|x64.ActiveCfg = Debug|x64
		{381869BA-7C0A-4AA6-9992-AF7D859BAFCF}.Debug|x64.Build.0 = Debug|x64
		{381869BA-7C0A-4AA6-9992-AF7D859BAFCF}.Debug|x86.ActiveCfg = Debug|Win32
		{381869BA-7C0A-4AA6-9992-AF7D859BAFCF}.Debug|x86.Build.0 = Debug|Win32
		{381869BA-7C0A-4AA6-9992-AF7D859BAFCF}.Release|x64.ActiveCfg = Release|x64
		{381869BA-7C0A-4AA6-9992-AF7D859BAFCF}.Release|x64.Build.0 = Release|x64
		{381869BA-7C0A-4AA6-9992-AF7D859BAFCF}.Release|x86.ActiveCfg = Release|Win32
		{381869BA-7C0A-4AA6-9992-AF7D859BAFCF}.Release|x86.Build.0 = Release|Win32
		{14C0B111-560A-450F-89A5-75ADF61EAE68}.Debug|x64.ActiveCfg = Debug|x64
		{14C0B111-560A-450F-89A5-75ADF61EAE68}.Debug|x64.Build.0 = Debug|x64
		{14C0B111-560A-450F-89A5-75ADF61EAE68}.Debug|x86.ActiveCfg = Debug|Win32
		{14C0B111-560A-450F-89A5-75ADF61EAE68}.Debug|x86.Build.0 = Debug|Win32
		{14C0B111-560A-450F-89A5-75ADF61EAE68}.Release|x64.ActiveCfg = Release|x64
		{14C0B111-560A-450F-89A5-75ADF61EAE68}.Release|x64.Build.0 = Release|x64
		{14C0B111-560A-450F-89A5-75ADF61EAE68}.Release|x86.ActiveCfg = Release|Win32
		{14C0B111-560A-450F-89A5-75ADF61EAE68}.Release|x86.Build.0 = Release|Win32
		{747DF53D-83ED-47C2-8CB6-54710BF09D50}.Debug|x64.ActiveCfg = Debug|x64
		{747DF53D-83ED-47C2-8CB6-54710BF09D50}.Debug|x64.Build.0 = Debug|x64
		{747DF53D-83ED-47C2-8CB6-54710BF09D50}.Debug|x86.ActiveCfg = Debug|Win32
		{747DF53D-83ED-47C2-8CB6-54710BF09D50}.Debug|x86.Build.0 = Debug|Win32
		{747DF53D-83ED-47C2-8CB6-54710BF09D50}.Release|x64.ActiveCfg = Release|x64
		{747DF53D-83ED-47C2-8CB6-54710BF09D50}.Release|x64.Build.0 = Release|x64
		{747DF53D-83ED-47C2-8CB6-54710BF09D50}.Release|x86.ActiveCfg = Release|Win32
		{747DF53D-83ED-47C2-8CB6-54710BF09D50}.Release|x86.Build.0 = Release|Win32
		{3441E648-E972-4574-A3AE-FF0233C788FC}.Debug|x64.ActiveCfg = Debug|x64
		{3441E648-E972-4574-A3AE-FF0233C788FC}.Debug|x64.Build.0 = Debug|x64
		{3441E648-E972-4574-A3AE-FF0233C788FC}.Debug|x86.ActiveCfg = Debug|Win32
		{3441E648-E972-4574-A3AE-FF0233C788FC}.Debug|x86.Build.0 = Debug|Win32
		{3441E648-E972-4574-A3AE-FF0233C788FC}.Release|x64.ActiveCfg = Release|x64
		{3441E648-E972-4574-A3AE-FF0233C788FC}.Release|x64.Build.0 = Release|x64
		{3441E648-E972-4574-A3AE-FF0233C788FC}.Release|x86.ActiveCfg = Release|Win32
		{3441E648-E972-4574-A3AE-FF0233C788FC}.Release|x86.Build.0 = Release|Win32
		{FA315C6F-4B92-4D69-BFB9-98E75E0F809E}.Debug|x64.ActiveCfg = Debug|x64
		{FA315C6F-4B92-4D69-BFB9-98E75E0F809E}.Debug|x64.Build.0 = Debug|x64
		{FA315C6F-4B92-4D69-BFB9-98E75E0F809E}.Debug|x86.ActiveCfg = Debug|Win32
		{FA315C6F-4B92-4D69-BFB9-98E75E0F809E}.Debug|x86.Build.0 = Debug|Win32
		{FA315C6F-4B92-4D69-BFB9-98E75E0F809E}.Release|x64.ActiveCfg = Release|x64
		{FA315C6F-4B92-4D69-BFB9-98E75E0F809E}.Release|x64.Build.0 = Release|x64
		{FA315C6F-4B92-4D69-BFB9-98E75E0F809E}.Release|x86.ActiveCfg = Release|Win32
		{FA315C6F-4B92-4D69-BFB9-98E75E0F809E}.Release|x86.Build.0 = Release|Win32
		{D6FFCD72-D64B-4F61-81B8-E7A10DB84557}.Debug|x64.ActiveCfg = Debug|x64
		{D6FFCD72-D64B-4F61-81B8-E7A10DB84557}.Debug|x64.Build.0 = Debug|x64
		{D6FFCD72-D64B-4F61-81B8-E7A10DB84557}.Debug|x86.ActiveCfg = Debug|Win32
		{D6FFCD72-D64B-4F61-81B8-E7A10DB84557}.Debug|x86.Build.0 = Debug|Win32
		{D6FFCD72-D64B-4F61-81B8-E7A10DB84557}.Release|x64.ActiveCfg = Release|x64
		{D6FFCD72-D64B-4F61-81B8-E7A10DB84557}.Release|x64.Build.0 = Release|x64
		{D6FFCD72-D64B-4F61-81B8-E7A10DB84557}.Release|x86.ActiveCfg = Release|Win32
		{D6FFCD72-D64B-4F61-81B8-E7A10DB84557}.Release|x86.Build.0 = Release|Win32
		{7E0B33A2-8E88-4B0D-8F8D-A21E4F415A4B}.Debug|x64.ActiveCfg = Debug|x64
		{7E0B33A2-8E88-4B0D-8F8D-A21E4F415A4B}.Debug|x64.Build.0 = Debug|x64
		{7E0B33A2-8E88-4B0D-8F8D-A21E4F415A4B}.Debug|x86.ActiveCfg = Debug|Win32
		{7E0B33A2-8E88-4B0D-8F8D-A21E4F415A4B}.Debug|x86.Build.0 = Debug|Win32
		{7E0B33A2-8E88-4B0D-8F8D-A21E4F415A4B}.Release|x64.ActiveCfg = Release|x64
		{7E0B33A2-8E88-4B0D-8F8D-A21E4F415A4B}.Release|x64.Build.0 = Release|x64
		{7E0B33A2-8E88-4B0D-8F8D-A21E4F415A4B}.Release|x86.ActiveCfg = Release|Win32
		{7E0B33A2-8E88-4B0D-8F8D-A21E4F415A4B}.Release|x86.Build.0 = Release|Win32
		{9BE492F0-93FF-4AAE-ACF6-5048B4CB2590}.Debug|x64.ActiveCfg = Debug|x64
		{9BE492F0-93FF-4AAE-ACF6-5048B4CB2590}.Debug|x64.Build.0 = Debug|x64
		{9BE492F0-93FF-4AAE-ACF6-5048B4CB2590}.Debug|x86.ActiveCfg = Debug|Win32
		{9BE492F0-93FF-4AAE-ACF6-5048B4CB2590}.Debug|x86.Build.0 = Debug|Win32
		{9BE492F0-93FF-4AAE-ACF6-5048B4CB2590}.Release|x64.ActiveCfg = Release|x64
		{9BE492F0-93FF-4AAE-ACF6-5048B4CB2590}.Release|x64.Build.0 = Release|x64
		{9BE492F0-93FF-4AAE-ACF6-5048B4CB2590}.Release|x86.ActiveCfg = Release|Win32
		{9BE492F0-93FF-4AAE-ACF6-5048B4CB2590}.Release|x86.Build.0 = Release|Win32
		{50B77DD7-868B-4E4A-937D-E0EF0A2C6EF2}.Debug|x64.ActiveCfg = Debug|x64
		{50B77DD7-868B-4E4A-937D-E0EF0A2C6EF2}.Debug|x64.Build.0 = Debug|x64
		{50B77DD7-868B-4E4A-937D-E0EF0A2C6EF2}.Debug|x86.ActiveCfg = Debug|Win32
		{50B77DD7-868B-4E4A-937D-E0EF0A2C6EF2}.Debug|x86.Build.0 = Debug|Win32
		{50B77DD7-868B-4E4A-937D-E0EF0A2C6EF2}.Release|x64.ActiveCfg = Release|x64
		{50B77DD7-868B-4E4A-937D-E0EF0A2C6EF2}.Release|x64.Build.0 = Release|x64
		{50B77DD7-868B-4E4A-937D-E0EF0A2C6EF2}.Release|x86.ActiveCfg = Release|Win32
		{50B77DD7-868B-4E4A-937D-E0EF0A2C6EF2}.Release|x86.Build.0 = Release|Win32
	EndGlobalSection
	GlobalSection(SolutionProperties) = preSolution
		HideSolutionNode = FALSE
	EndGlobalSection
	GlobalSection(ExtensibilityGlobals) = postSolution
		SolutionGuid = {BEA7BD3C-0D1F-4D6A-822E-24E2CE71C22D}
	EndGlobalSection
EndGlobal
