
Microsoft Visual Studio Solution File, Format Version 12.00
# Visual Studio Version 16
VisualStudioVersion = 16.0.31402.337
MinimumVisualStudioVersion = 10.0.40219.1
Project("{8BC9CEB8-8B4A-11D0-8D11-00A0C91BC942}") = "Bai176", "Bai176\Bai176.vcxproj", "{90266C09-47EE-4462-81E5-929A040091EA}"
EndProject
Project("{8BC9CEB8-8B4A-11D0-8D11-00A0C91BC942}") = "Bai177", "Bai177\Bai177.vcxproj", "{99CEE459-3F0D-413C-9304-FE25AA348689}"
EndProject
Project("{8BC9CEB8-8B4A-11D0-8D11-00A0C91BC942}") = "Bai178", "Bai178\Bai178.vcxproj", "{A12F9A64-A5DD-4219-9966-0690E86CD35D}"
EndProject
Project("{8BC9CEB8-8B4A-11D0-8D11-00A0C91BC942}") = "Bai179", "Bai179\Bai179.vcxproj", "{7F29ABF7-E471-4226-84DE-93C4EAD93879}"
EndProject
Project("{8BC9CEB8-8B4A-11D0-8D11-00A0C91BC942}") = "Bai180", "Bai180\Bai180.vcxproj", "{00D807A8-DA73-4D9B-8196-24F844F1766D}"
EndProject
Project("{8BC9CEB8-8B4A-11D0-8D11-00A0C91BC942}") = "Bai181", "Bai181\Bai181.vcxproj", "{3FC45D7F-B294-47E0-95A0-F8D82662C891}"
EndProject
Project("{8BC9CEB8-8B4A-11D0-8D11-00A0C91BC942}") = "Bai182", "Bai182\Bai182.vcxproj", "{48481575-1996-4906-A112-25B3818E7D74}"
EndProject
Project("{8BC9CEB8-8B4A-11D0-8D11-00A0C91BC942}") = "Bai183", "Bai183\Bai183.vcxproj", "{404F14D0-ADD1-4FDD-AAE8-CF7252BE8249}"
EndProject
Project("{8BC9CEB8-8B4A-11D0-8D11-00A0C91BC942}") = "Bai184", "Bai184\Bai184.vcxproj", "{C19CB084-25A9-43B6-90EC-D6688B6D8E52}"
EndProject
Project("{8BC9CEB8-8B4A-11D0-8D11-00A0C91BC942}") = "Bai185", "Bai185\Bai185.vcxproj", "{049659DD-78B9-498F-B807-94F8E2754105}"
EndProject
Global
	GlobalSection(SolutionConfigurationPlatforms) = preSolution
		Debug|x64 = Debug|x64
		Debug|x86 = Debug|x86
		Release|x64 = Release|x64
		Release|x86 = Release|x86
	EndGlobalSection
	GlobalSection(ProjectConfigurationPlatforms) = postSolution
		{90266C09-47EE-4462-81E5-929A040091EA}.Debug|x64.ActiveCfg = Debug|x64
		{90266C09-47EE-4462-81E5-929A040091EA}.Debug|x64.Build.0 = Debug|x64
		{90266C09-47EE-4462-81E5-929A040091EA}.Debug|x86.ActiveCfg = Debug|Win32
		{90266C09-47EE-4462-81E5-929A040091EA}.Debug|x86.Build.0 = Debug|Win32
		{90266C09-47EE-4462-81E5-929A040091EA}.Release|x64.ActiveCfg = Release|x64
		{90266C09-47EE-4462-81E5-929A040091EA}.Release|x64.Build.0 = Release|x64
		{90266C09-47EE-4462-81E5-929A040091EA}.Release|x86.ActiveCfg = Release|Win32
		{90266C09-47EE-4462-81E5-929A040091EA}.Release|x86.Build.0 = Release|Win32
		{99CEE459-3F0D-413C-9304-FE25AA348689}.Debug|x64.ActiveCfg = Debug|x64
		{99CEE459-3F0D-413C-9304-FE25AA348689}.Debug|x64.Build.0 = Debug|x64
		{99CEE459-3F0D-413C-9304-FE25AA348689}.Debug|x86.ActiveCfg = Debug|Win32
		{99CEE459-3F0D-413C-9304-FE25AA348689}.Debug|x86.Build.0 = Debug|Win32
		{99CEE459-3F0D-413C-9304-FE25AA348689}.Release|x64.ActiveCfg = Release|x64
		{99CEE459-3F0D-413C-9304-FE25AA348689}.Release|x64.Build.0 = Release|x64
		{99CEE459-3F0D-413C-9304-FE25AA348689}.Release|x86.ActiveCfg = Release|Win32
		{99CEE459-3F0D-413C-9304-FE25AA348689}.Release|x86.Build.0 = Release|Win32
		{A12F9A64-A5DD-4219-9966-0690E86CD35D}.Debug|x64.ActiveCfg = Debug|x64
		{A12F9A64-A5DD-4219-9966-0690E86CD35D}.Debug|x64.Build.0 = Debug|x64
		{A12F9A64-A5DD-4219-9966-0690E86CD35D}.Debug|x86.ActiveCfg = Debug|Win32
		{A12F9A64-A5DD-4219-9966-0690E86CD35D}.Debug|x86.Build.0 = Debug|Win32
		{A12F9A64-A5DD-4219-9966-0690E86CD35D}.Release|x64.ActiveCfg = Release|x64
		{A12F9A64-A5DD-4219-9966-0690E86CD35D}.Release|x64.Build.0 = Release|x64
		{A12F9A64-A5DD-4219-9966-0690E86CD35D}.Release|x86.ActiveCfg = Release|Win32
		{A12F9A64-A5DD-4219-9966-0690E86CD35D}.Release|x86.Build.0 = Release|Win32
		{7F29ABF7-E471-4226-84DE-93C4EAD93879}.Debug|x64.ActiveCfg = Debug|x64
		{7F29ABF7-E471-4226-84DE-93C4EAD93879}.Debug|x64.Build.0 = Debug|x64
		{7F29ABF7-E471-4226-84DE-93C4EAD93879}.Debug|x86.ActiveCfg = Debug|Win32
		{7F29ABF7-E471-4226-84DE-93C4EAD93879}.Debug|x86.Build.0 = Debug|Win32
		{7F29ABF7-E471-4226-84DE-93C4EAD93879}.Release|x64.ActiveCfg = Release|x64
		{7F29ABF7-E471-4226-84DE-93C4EAD93879}.Release|x64.Build.0 = Release|x64
		{7F29ABF7-E471-4226-84DE-93C4EAD93879}.Release|x86.ActiveCfg = Release|Win32
		{7F29ABF7-E471-4226-84DE-93C4EAD93879}.Release|x86.Build.0 = Release|Win32
		{00D807A8-DA73-4D9B-8196-24F844F1766D}.Debug|x64.ActiveCfg = Debug|x64
		{00D807A8-DA73-4D9B-8196-24F844F1766D}.Debug|x64.Build.0 = Debug|x64
		{00D807A8-DA73-4D9B-8196-24F844F1766D}.Debug|x86.ActiveCfg = Debug|Win32
		{00D807A8-DA73-4D9B-8196-24F844F1766D}.Debug|x86.Build.0 = Debug|Win32
		{00D807A8-DA73-4D9B-8196-24F844F1766D}.Release|x64.ActiveCfg = Release|x64
		{00D807A8-DA73-4D9B-8196-24F844F1766D}.Release|x64.Build.0 = Release|x64
		{00D807A8-DA73-4D9B-8196-24F844F1766D}.Release|x86.ActiveCfg = Release|Win32
		{00D807A8-DA73-4D9B-8196-24F844F1766D}.Release|x86.Build.0 = Release|Win32
		{3FC45D7F-B294-47E0-95A0-F8D82662C891}.Debug|x64.ActiveCfg = Debug|x64
		{3FC45D7F-B294-47E0-95A0-F8D82662C891}.Debug|x64.Build.0 = Debug|x64
		{3FC45D7F-B294-47E0-95A0-F8D82662C891}.Debug|x86.ActiveCfg = Debug|Win32
		{3FC45D7F-B294-47E0-95A0-F8D82662C891}.Debug|x86.Build.0 = Debug|Win32
		{3FC45D7F-B294-47E0-95A0-F8D82662C891}.Release|x64.ActiveCfg = Release|x64
		{3FC45D7F-B294-47E0-95A0-F8D82662C891}.Release|x64.Build.0 = Release|x64
		{3FC45D7F-B294-47E0-95A0-F8D82662C891}.Release|x86.ActiveCfg = Release|Win32
		{3FC45D7F-B294-47E0-95A0-F8D82662C891}.Release|x86.Build.0 = Release|Win32
		{48481575-1996-4906-A112-25B3818E7D74}.Debug|x64.ActiveCfg = Debug|x64
		{48481575-1996-4906-A112-25B3818E7D74}.Debug|x64.Build.0 = Debug|x64
		{48481575-1996-4906-A112-25B3818E7D74}.Debug|x86.ActiveCfg = Debug|Win32
		{48481575-1996-4906-A112-25B3818E7D74}.Debug|x86.Build.0 = Debug|Win32
		{48481575-1996-4906-A112-25B3818E7D74}.Release|x64.ActiveCfg = Release|x64
		{48481575-1996-4906-A112-25B3818E7D74}.Release|x64.Build.0 = Release|x64
		{48481575-1996-4906-A112-25B3818E7D74}.Release|x86.ActiveCfg = Release|Win32
		{48481575-1996-4906-A112-25B3818E7D74}.Release|x86.Build.0 = Release|Win32
		{404F14D0-ADD1-4FDD-AAE8-CF7252BE8249}.Debug|x64.ActiveCfg = Debug|x64
		{404F14D0-ADD1-4FDD-AAE8-CF7252BE8249}.Debug|x64.Build.0 = Debug|x64
		{404F14D0-ADD1-4FDD-AAE8-CF7252BE8249}.Debug|x86.ActiveCfg = Debug|Win32
		{404F14D0-ADD1-4FDD-AAE8-CF7252BE8249}.Debug|x86.Build.0 = Debug|Win32
		{404F14D0-ADD1-4FDD-AAE8-CF7252BE8249}.Release|x64.ActiveCfg = Release|x64
		{404F14D0-ADD1-4FDD-AAE8-CF7252BE8249}.Release|x64.Build.0 = Release|x64
		{404F14D0-ADD1-4FDD-AAE8-CF7252BE8249}.Release|x86.ActiveCfg = Release|Win32
		{404F14D0-ADD1-4FDD-AAE8-CF7252BE8249}.Release|x86.Build.0 = Release|Win32
		{C19CB084-25A9-43B6-90EC-D6688B6D8E52}.Debug|x64.ActiveCfg = Debug|x64
		{C19CB084-25A9-43B6-90EC-D6688B6D8E52}.Debug|x64.Build.0 = Debug|x64
		{C19CB084-25A9-43B6-90EC-D6688B6D8E52}.Debug|x86.ActiveCfg = Debug|Win32
		{C19CB084-25A9-43B6-90EC-D6688B6D8E52}.Debug|x86.Build.0 = Debug|Win32
		{C19CB084-25A9-43B6-90EC-D6688B6D8E52}.Release|x64.ActiveCfg = Release|x64
		{C19CB084-25A9-43B6-90EC-D6688B6D8E52}.Release|x64.Build.0 = Release|x64
		{C19CB084-25A9-43B6-90EC-D6688B6D8E52}.Release|x86.ActiveCfg = Release|Win32
		{C19CB084-25A9-43B6-90EC-D6688B6D8E52}.Release|x86.Build.0 = Release|Win32
		{049659DD-78B9-498F-B807-94F8E2754105}.Debug|x64.ActiveCfg = Debug|x64
		{049659DD-78B9-498F-B807-94F8E2754105}.Debug|x64.Build.0 = Debug|x64
		{049659DD-78B9-498F-B807-94F8E2754105}.Debug|x86.ActiveCfg = Debug|Win32
		{049659DD-78B9-498F-B807-94F8E2754105}.Debug|x86.Build.0 = Debug|Win32
		{049659DD-78B9-498F-B807-94F8E2754105}.Release|x64.ActiveCfg = Release|x64
		{049659DD-78B9-498F-B807-94F8E2754105}.Release|x64.Build.0 = Release|x64
		{049659DD-78B9-498F-B807-94F8E2754105}.Release|x86.ActiveCfg = Release|Win32
		{049659DD-78B9-498F-B807-94F8E2754105}.Release|x86.Build.0 = Release|Win32
	EndGlobalSection
	GlobalSection(SolutionProperties) = preSolution
		HideSolutionNode = FALSE
	EndGlobalSection
	GlobalSection(ExtensibilityGlobals) = postSolution
		SolutionGuid = {13A88C5C-8133-4716-AE78-B095DF0A1911}
	EndGlobalSection
EndGlobal
