
Microsoft Visual Studio Solution File, Format Version 12.00
# Visual Studio Version 16
VisualStudioVersion = 16.0.31402.337
MinimumVisualStudioVersion = 10.0.40219.1
Project("{8BC9CEB8-8B4A-11D0-8D11-00A0C91BC942}") = "Câu 1", "Câu 1\Câu 1.vcxproj", "{968C1F32-EEB3-4DCC-A125-590D84B4FD1A}"
EndProject
Project("{8BC9CEB8-8B4A-11D0-8D11-00A0C91BC942}") = "Câu 2", "Câu 2\Câu 2.vcxproj", "{8225B24B-749A-48B6-88DB-806C5DD8F1DB}"
EndProject
Project("{8BC9CEB8-8B4A-11D0-8D11-00A0C91BC942}") = "Câu 3", "Câu 3\Câu 3.vcxproj", "{541D43E8-DF94-4594-8A0E-E590BA594711}"
EndProject
Project("{8BC9CEB8-8B4A-11D0-8D11-00A0C91BC942}") = "Câu 4", "Câu 4\Câu 4.vcxproj", "{F63FC58E-B1DC-47AB-A08F-8DDF1B4EDE1E}"
EndProject
Project("{8BC9CEB8-8B4A-11D0-8D11-00A0C91BC942}") = "Câu 5", "Câu 5\Câu 5.vcxproj", "{913DAAB1-5145-4896-913F-5CA24D8573F6}"
EndProject
Global
	GlobalSection(SolutionConfigurationPlatforms) = preSolution
		Debug|x64 = Debug|x64
		Debug|x86 = Debug|x86
		Release|x64 = Release|x64
		Release|x86 = Release|x86
	EndGlobalSection
	GlobalSection(ProjectConfigurationPlatforms) = postSolution
		{968C1F32-EEB3-4DCC-A125-590D84B4FD1A}.Debug|x64.ActiveCfg = Debug|x64
		{968C1F32-EEB3-4DCC-A125-590D84B4FD1A}.Debug|x64.Build.0 = Debug|x64
		{968C1F32-EEB3-4DCC-A125-590D84B4FD1A}.Debug|x86.ActiveCfg = Debug|Win32
		{968C1F32-EEB3-4DCC-A125-590D84B4FD1A}.Debug|x86.Build.0 = Debug|Win32
		{968C1F32-EEB3-4DCC-A125-590D84B4FD1A}.Release|x64.ActiveCfg = Release|x64
		{968C1F32-EEB3-4DCC-A125-590D84B4FD1A}.Release|x64.Build.0 = Release|x64
		{968C1F32-EEB3-4DCC-A125-590D84B4FD1A}.Release|x86.ActiveCfg = Release|Win32
		{968C1F32-EEB3-4DCC-A125-590D84B4FD1A}.Release|x86.Build.0 = Release|Win32
		{8225B24B-749A-48B6-88DB-806C5DD8F1DB}.Debug|x64.ActiveCfg = Debug|x64
		{8225B24B-749A-48B6-88DB-806C5DD8F1DB}.Debug|x64.Build.0 = Debug|x64
		{8225B24B-749A-48B6-88DB-806C5DD8F1DB}.Debug|x86.ActiveCfg = Debug|Win32
		{8225B24B-749A-48B6-88DB-806C5DD8F1DB}.Debug|x86.Build.0 = Debug|Win32
		{8225B24B-749A-48B6-88DB-806C5DD8F1DB}.Release|x64.ActiveCfg = Release|x64
		{8225B24B-749A-48B6-88DB-806C5DD8F1DB}.Release|x64.Build.0 = Release|x64
		{8225B24B-749A-48B6-88DB-806C5DD8F1DB}.Release|x86.ActiveCfg = Release|Win32
		{8225B24B-749A-48B6-88DB-806C5DD8F1DB}.Release|x86.Build.0 = Release|Win32
		{541D43E8-DF94-4594-8A0E-E590BA594711}.Debug|x64.ActiveCfg = Debug|x64
		{541D43E8-DF94-4594-8A0E-E590BA594711}.Debug|x64.Build.0 = Debug|x64
		{541D43E8-DF94-4594-8A0E-E590BA594711}.Debug|x86.ActiveCfg = Debug|Win32
		{541D43E8-DF94-4594-8A0E-E590BA594711}.Debug|x86.Build.0 = Debug|Win32
		{541D43E8-DF94-4594-8A0E-E590BA594711}.Release|x64.ActiveCfg = Release|x64
		{541D43E8-DF94-4594-8A0E-E590BA594711}.Release|x64.Build.0 = Release|x64
		{541D43E8-DF94-4594-8A0E-E590BA594711}.Release|x86.ActiveCfg = Release|Win32
		{541D43E8-DF94-4594-8A0E-E590BA594711}.Release|x86.Build.0 = Release|Win32
		{F63FC58E-B1DC-47AB-A08F-8DDF1B4EDE1E}.Debug|x64.ActiveCfg = Debug|x64
		{F63FC58E-B1DC-47AB-A08F-8DDF1B4EDE1E}.Debug|x64.Build.0 = Debug|x64
		{F63FC58E-B1DC-47AB-A08F-8DDF1B4EDE1E}.Debug|x86.ActiveCfg = Debug|Win32
		{F63FC58E-B1DC-47AB-A08F-8DDF1B4EDE1E}.Debug|x86.Build.0 = Debug|Win32
		{F63FC58E-B1DC-47AB-A08F-8DDF1B4EDE1E}.Release|x64.ActiveCfg = Release|x64
		{F63FC58E-B1DC-47AB-A08F-8DDF1B4EDE1E}.Release|x64.Build.0 = Release|x64
		{F63FC58E-B1DC-47AB-A08F-8DDF1B4EDE1E}.Release|x86.ActiveCfg = Release|Win32
		{F63FC58E-B1DC-47AB-A08F-8DDF1B4EDE1E}.Release|x86.Build.0 = Release|Win32
		{913DAAB1-5145-4896-913F-5CA24D8573F6}.Debug|x64.ActiveCfg = Debug|x64
		{913DAAB1-5145-4896-913F-5CA24D8573F6}.Debug|x64.Build.0 = Debug|x64
		{913DAAB1-5145-4896-913F-5CA24D8573F6}.Debug|x86.ActiveCfg = Debug|Win32
		{913DAAB1-5145-4896-913F-5CA24D8573F6}.Debug|x86.Build.0 = Debug|Win32
		{913DAAB1-5145-4896-913F-5CA24D8573F6}.Release|x64.ActiveCfg = Release|x64
		{913DAAB1-5145-4896-913F-5CA24D8573F6}.Release|x64.Build.0 = Release|x64
		{913DAAB1-5145-4896-913F-5CA24D8573F6}.Release|x86.ActiveCfg = Release|Win32
		{913DAAB1-5145-4896-913F-5CA24D8573F6}.Release|x86.Build.0 = Release|Win32
	EndGlobalSection
	GlobalSection(SolutionProperties) = preSolution
		HideSolutionNode = FALSE
	EndGlobalSection
	GlobalSection(ExtensibilityGlobals) = postSolution
		SolutionGuid = {69E873A1-5A89-40C6-902C-81A8FB481B75}
	EndGlobalSection
EndGlobal
