
Microsoft Visual Studio Solution File, Format Version 12.00
# Visual Studio Version 16
VisualStudioVersion = 16.0.31402.337
MinimumVisualStudioVersion = 10.0.40219.1
Project("{8BC9CEB8-8B4A-11D0-8D11-00A0C91BC942}") = "Bai1", "Bai1\Bai1.vcxproj", "{5682C49A-AAD7-4B23-8DFE-ECDCF41F8817}"
EndProject
Project("{8BC9CEB8-8B4A-11D0-8D11-00A0C91BC942}") = "Bai2", "Bai2\Bai2.vcxproj", "{54451E0B-83E4-40B6-81C8-D6FBC03A24E7}"
EndProject
Project("{8BC9CEB8-8B4A-11D0-8D11-00A0C91BC942}") = "Bai3", "Bai3\Bai3.vcxproj", "{B4358993-61A5-4258-B13A-CC38D77CEBB2}"
EndProject
Project("{8BC9CEB8-8B4A-11D0-8D11-00A0C91BC942}") = "Bai4", "Bai4\Bai4.vcxproj", "{DF4EB921-FB1D-4D77-BD26-88DA9E333D7A}"
EndProject
Project("{8BC9CEB8-8B4A-11D0-8D11-00A0C91BC942}") = "Bai5", "Bai5\Bai5.vcxproj", "{DF9FB4EA-BDB6-4B71-8085-AA717201BBDE}"
EndProject
Project("{8BC9CEB8-8B4A-11D0-8D11-00A0C91BC942}") = "Bai7", "Bai7\Bai7.vcxproj", "{FA840A00-B7FB-4572-A300-DD373CA06487}"
EndProject
Project("{8BC9CEB8-8B4A-11D0-8D11-00A0C91BC942}") = "Bai6", "Bai6\Bai6.vcxproj", "{840CCB8B-CAD7-40E4-A330-4D5A3FA25885}"
EndProject
Project("{8BC9CEB8-8B4A-11D0-8D11-00A0C91BC942}") = "Bai8", "Bai8\Bai8.vcxproj", "{0B9AE22F-AB52-465F-AFB0-5DFA06903EBA}"
EndProject
Project("{8BC9CEB8-8B4A-11D0-8D11-00A0C91BC942}") = "Bai9", "Bai9\Bai9.vcxproj", "{DF569DFB-90B8-4A65-B7C3-F0C67581FFCD}"
EndProject
Global
	GlobalSection(SolutionConfigurationPlatforms) = preSolution
		Debug|x64 = Debug|x64
		Debug|x86 = Debug|x86
		Release|x64 = Release|x64
		Release|x86 = Release|x86
	EndGlobalSection
	GlobalSection(ProjectConfigurationPlatforms) = postSolution
		{5682C49A-AAD7-4B23-8DFE-ECDCF41F8817}.Debug|x64.ActiveCfg = Debug|x64
		{5682C49A-AAD7-4B23-8DFE-ECDCF41F8817}.Debug|x64.Build.0 = Debug|x64
		{5682C49A-AAD7-4B23-8DFE-ECDCF41F8817}.Debug|x86.ActiveCfg = Debug|Win32
		{5682C49A-AAD7-4B23-8DFE-ECDCF41F8817}.Debug|x86.Build.0 = Debug|Win32
		{5682C49A-AAD7-4B23-8DFE-ECDCF41F8817}.Release|x64.ActiveCfg = Release|x64
		{5682C49A-AAD7-4B23-8DFE-ECDCF41F8817}.Release|x64.Build.0 = Release|x64
		{5682C49A-AAD7-4B23-8DFE-ECDCF41F8817}.Release|x86.ActiveCfg = Release|Win32
		{5682C49A-AAD7-4B23-8DFE-ECDCF41F8817}.Release|x86.Build.0 = Release|Win32
		{54451E0B-83E4-40B6-81C8-D6FBC03A24E7}.Debug|x64.ActiveCfg = Debug|x64
		{54451E0B-83E4-40B6-81C8-D6FBC03A24E7}.Debug|x64.Build.0 = Debug|x64
		{54451E0B-83E4-40B6-81C8-D6FBC03A24E7}.Debug|x86.ActiveCfg = Debug|Win32
		{54451E0B-83E4-40B6-81C8-D6FBC03A24E7}.Debug|x86.Build.0 = Debug|Win32
		{54451E0B-83E4-40B6-81C8-D6FBC03A24E7}.Release|x64.ActiveCfg = Release|x64
		{54451E0B-83E4-40B6-81C8-D6FBC03A24E7}.Release|x64.Build.0 = Release|x64
		{54451E0B-83E4-40B6-81C8-D6FBC03A24E7}.Release|x86.ActiveCfg = Release|Win32
		{54451E0B-83E4-40B6-81C8-D6FBC03A24E7}.Release|x86.Build.0 = Release|Win32
		{B4358993-61A5-4258-B13A-CC38D77CEBB2}.Debug|x64.ActiveCfg = Debug|x64
		{B4358993-61A5-4258-B13A-CC38D77CEBB2}.Debug|x64.Build.0 = Debug|x64
		{B4358993-61A5-4258-B13A-CC38D77CEBB2}.Debug|x86.ActiveCfg = Debug|Win32
		{B4358993-61A5-4258-B13A-CC38D77CEBB2}.Debug|x86.Build.0 = Debug|Win32
		{B4358993-61A5-4258-B13A-CC38D77CEBB2}.Release|x64.ActiveCfg = Release|x64
		{B4358993-61A5-4258-B13A-CC38D77CEBB2}.Release|x64.Build.0 = Release|x64
		{B4358993-61A5-4258-B13A-CC38D77CEBB2}.Release|x86.ActiveCfg = Release|Win32
		{B4358993-61A5-4258-B13A-CC38D77CEBB2}.Release|x86.Build.0 = Release|Win32
		{DF4EB921-FB1D-4D77-BD26-88DA9E333D7A}.Debug|x64.ActiveCfg = Debug|x64
		{DF4EB921-FB1D-4D77-BD26-88DA9E333D7A}.Debug|x64.Build.0 = Debug|x64
		{DF4EB921-FB1D-4D77-BD26-88DA9E333D7A}.Debug|x86.ActiveCfg = Debug|Win32
		{DF4EB921-FB1D-4D77-BD26-88DA9E333D7A}.Debug|x86.Build.0 = Debug|Win32
		{DF4EB921-FB1D-4D77-BD26-88DA9E333D7A}.Release|x64.ActiveCfg = Release|x64
		{DF4EB921-FB1D-4D77-BD26-88DA9E333D7A}.Release|x64.Build.0 = Release|x64
		{DF4EB921-FB1D-4D77-BD26-88DA9E333D7A}.Release|x86.ActiveCfg = Release|Win32
		{DF4EB921-FB1D-4D77-BD26-88DA9E333D7A}.Release|x86.Build.0 = Release|Win32
		{DF9FB4EA-BDB6-4B71-8085-AA717201BBDE}.Debug|x64.ActiveCfg = Debug|x64
		{DF9FB4EA-BDB6-4B71-8085-AA717201BBDE}.Debug|x64.Build.0 = Debug|x64
		{DF9FB4EA-BDB6-4B71-8085-AA717201BBDE}.Debug|x86.ActiveCfg = Debug|Win32
		{DF9FB4EA-BDB6-4B71-8085-AA717201BBDE}.Debug|x86.Build.0 = Debug|Win32
		{DF9FB4EA-BDB6-4B71-8085-AA717201BBDE}.Release|x64.ActiveCfg = Release|x64
		{DF9FB4EA-BDB6-4B71-8085-AA717201BBDE}.Release|x64.Build.0 = Release|x64
		{DF9FB4EA-BDB6-4B71-8085-AA717201BBDE}.Release|x86.ActiveCfg = Release|Win32
		{DF9FB4EA-BDB6-4B71-8085-AA717201BBDE}.Release|x86.Build.0 = Release|Win32
		{FA840A00-B7FB-4572-A300-DD373CA06487}.Debug|x64.ActiveCfg = Debug|x64
		{FA840A00-B7FB-4572-A300-DD373CA06487}.Debug|x64.Build.0 = Debug|x64
		{FA840A00-B7FB-4572-A300-DD373CA06487}.Debug|x86.ActiveCfg = Debug|Win32
		{FA840A00-B7FB-4572-A300-DD373CA06487}.Debug|x86.Build.0 = Debug|Win32
		{FA840A00-B7FB-4572-A300-DD373CA06487}.Release|x64.ActiveCfg = Release|x64
		{FA840A00-B7FB-4572-A300-DD373CA06487}.Release|x64.Build.0 = Release|x64
		{FA840A00-B7FB-4572-A300-DD373CA06487}.Release|x86.ActiveCfg = Release|Win32
		{FA840A00-B7FB-4572-A300-DD373CA06487}.Release|x86.Build.0 = Release|Win32
		{840CCB8B-CAD7-40E4-A330-4D5A3FA25885}.Debug|x64.ActiveCfg = Debug|x64
		{840CCB8B-CAD7-40E4-A330-4D5A3FA25885}.Debug|x64.Build.0 = Debug|x64
		{840CCB8B-CAD7-40E4-A330-4D5A3FA25885}.Debug|x86.ActiveCfg = Debug|Win32
		{840CCB8B-CAD7-40E4-A330-4D5A3FA25885}.Debug|x86.Build.0 = Debug|Win32
		{840CCB8B-CAD7-40E4-A330-4D5A3FA25885}.Release|x64.ActiveCfg = Release|x64
		{840CCB8B-CAD7-40E4-A330-4D5A3FA25885}.Release|x64.Build.0 = Release|x64
		{840CCB8B-CAD7-40E4-A330-4D5A3FA25885}.Release|x86.ActiveCfg = Release|Win32
		{840CCB8B-CAD7-40E4-A330-4D5A3FA25885}.Release|x86.Build.0 = Release|Win32
		{0B9AE22F-AB52-465F-AFB0-5DFA06903EBA}.Debug|x64.ActiveCfg = Debug|x64
		{0B9AE22F-AB52-465F-AFB0-5DFA06903EBA}.Debug|x64.Build.0 = Debug|x64
		{0B9AE22F-AB52-465F-AFB0-5DFA06903EBA}.Debug|x86.ActiveCfg = Debug|Win32
		{0B9AE22F-AB52-465F-AFB0-5DFA06903EBA}.Debug|x86.Build.0 = Debug|Win32
		{0B9AE22F-AB52-465F-AFB0-5DFA06903EBA}.Release|x64.ActiveCfg = Release|x64
		{0B9AE22F-AB52-465F-AFB0-5DFA06903EBA}.Release|x64.Build.0 = Release|x64
		{0B9AE22F-AB52-465F-AFB0-5DFA06903EBA}.Release|x86.ActiveCfg = Release|Win32
		{0B9AE22F-AB52-465F-AFB0-5DFA06903EBA}.Release|x86.Build.0 = Release|Win32
		{DF569DFB-90B8-4A65-B7C3-F0C67581FFCD}.Debug|x64.ActiveCfg = Debug|x64
		{DF569DFB-90B8-4A65-B7C3-F0C67581FFCD}.Debug|x64.Build.0 = Debug|x64
		{DF569DFB-90B8-4A65-B7C3-F0C67581FFCD}.Debug|x86.ActiveCfg = Debug|Win32
		{DF569DFB-90B8-4A65-B7C3-F0C67581FFCD}.Debug|x86.Build.0 = Debug|Win32
		{DF569DFB-90B8-4A65-B7C3-F0C67581FFCD}.Release|x64.ActiveCfg = Release|x64
		{DF569DFB-90B8-4A65-B7C3-F0C67581FFCD}.Release|x64.Build.0 = Release|x64
		{DF569DFB-90B8-4A65-B7C3-F0C67581FFCD}.Release|x86.ActiveCfg = Release|Win32
		{DF569DFB-90B8-4A65-B7C3-F0C67581FFCD}.Release|x86.Build.0 = Release|Win32
	EndGlobalSection
	GlobalSection(SolutionProperties) = preSolution
		HideSolutionNode = FALSE
	EndGlobalSection
	GlobalSection(ExtensibilityGlobals) = postSolution
		SolutionGuid = {1F9FC2AB-7E77-43CB-9361-13E258B3F231}
	EndGlobalSection
EndGlobal
