
Microsoft Visual Studio Solution File, Format Version 12.00
# Visual Studio Version 16
VisualStudioVersion = 16.0.31402.337
MinimumVisualStudioVersion = 10.0.40219.1
Project("{8BC9CEB8-8B4A-11D0-8D11-00A0C91BC942}") = "Bai010_Circle", "Bai010_Circle\Bai010_Circle.vcxproj", "{322F7622-3813-48B9-A2D6-78651003453B}"
EndProject
Project("{8BC9CEB8-8B4A-11D0-8D11-00A0C91BC942}") = "Bai023_PlateNumber", "Bai023_PlateNumber\Bai023_PlateNumber.vcxproj", "{D28D5502-65D0-427C-AD0D-6E64F20BDE17}"
EndProject
Global
	GlobalSection(SolutionConfigurationPlatforms) = preSolution
		Debug|x64 = Debug|x64
		Debug|x86 = Debug|x86
		Release|x64 = Release|x64
		Release|x86 = Release|x86
	EndGlobalSection
	GlobalSection(ProjectConfigurationPlatforms) = postSolution
		{322F7622-3813-48B9-A2D6-78651003453B}.Debug|x64.ActiveCfg = Debug|x64
		{322F7622-3813-48B9-A2D6-78651003453B}.Debug|x64.Build.0 = Debug|x64
		{322F7622-3813-48B9-A2D6-78651003453B}.Debug|x86.ActiveCfg = Debug|Win32
		{322F7622-3813-48B9-A2D6-78651003453B}.Debug|x86.Build.0 = Debug|Win32
		{322F7622-3813-48B9-A2D6-78651003453B}.Release|x64.ActiveCfg = Release|x64
		{322F7622-3813-48B9-A2D6-78651003453B}.Release|x64.Build.0 = Release|x64
		{322F7622-3813-48B9-A2D6-78651003453B}.Release|x86.ActiveCfg = Release|Win32
		{322F7622-3813-48B9-A2D6-78651003453B}.Release|x86.Build.0 = Release|Win32
		{D28D5502-65D0-427C-AD0D-6E64F20BDE17}.Debug|x64.ActiveCfg = Debug|x64
		{D28D5502-65D0-427C-AD0D-6E64F20BDE17}.Debug|x64.Build.0 = Debug|x64
		{D28D5502-65D0-427C-AD0D-6E64F20BDE17}.Debug|x86.ActiveCfg = Debug|Win32
		{D28D5502-65D0-427C-AD0D-6E64F20BDE17}.Debug|x86.Build.0 = Debug|Win32
		{D28D5502-65D0-427C-AD0D-6E64F20BDE17}.Release|x64.ActiveCfg = Release|x64
		{D28D5502-65D0-427C-AD0D-6E64F20BDE17}.Release|x64.Build.0 = Release|x64
		{D28D5502-65D0-427C-AD0D-6E64F20BDE17}.Release|x86.ActiveCfg = Release|Win32
		{D28D5502-65D0-427C-AD0D-6E64F20BDE17}.Release|x86.Build.0 = Release|Win32
	EndGlobalSection
	GlobalSection(SolutionProperties) = preSolution
		HideSolutionNode = FALSE
	EndGlobalSection
	GlobalSection(ExtensibilityGlobals) = postSolution
		SolutionGuid = {EF5F5735-D990-4F85-901C-9941A41B87A3}
	EndGlobalSection
EndGlobal
