
Microsoft Visual Studio Solution File, Format Version 12.00
# Visual Studio Version 16
VisualStudioVersion = 16.0.31402.337
MinimumVisualStudioVersion = 10.0.40219.1
Project("{8BC9CEB8-8B4A-11D0-8D11-00A0C91BC942}") = "Bai1", "Bai1\Bai1.vcxproj", "{C872E15A-20D3-4726-A1A3-0ADDB8A6CADC}"
EndProject
Project("{8BC9CEB8-8B4A-11D0-8D11-00A0C91BC942}") = "Bai2", "Bai2\Bai2.vcxproj", "{CB8C9CD4-82BF-4F29-A0BE-23070803255A}"
EndProject
Project("{8BC9CEB8-8B4A-11D0-8D11-00A0C91BC942}") = "Bai3", "Bai3\Bai3.vcxproj", "{9618BC50-C688-4913-9583-05DCB778EC60}"
EndProject
Project("{8BC9CEB8-8B4A-11D0-8D11-00A0C91BC942}") = "Bai4", "Bai4\Bai4.vcxproj", "{9017173C-2D1C-4173-9B8B-F0901647650F}"
EndProject
Project("{8BC9CEB8-8B4A-11D0-8D11-00A0C91BC942}") = "Bai6", "Bai6\Bai6.vcxproj", "{81A6F9D2-CD8C-488F-A5CC-00ABFA7F2ECF}"
EndProject
Project("{8BC9CEB8-8B4A-11D0-8D11-00A0C91BC942}") = "Bai7", "Bai7\Bai7.vcxproj", "{BBC1AEA7-896C-4EAD-8B18-A3C868143F8E}"
EndProject
Project("{8BC9CEB8-8B4A-11D0-8D11-00A0C91BC942}") = "Bai9", "Bai9\Bai9.vcxproj", "{6959F5F5-F7CF-42F7-B9E2-5814B625544A}"
EndProject
Project("{8BC9CEB8-8B4A-11D0-8D11-00A0C91BC942}") = "Bai11", "Bai11\Bai11.vcxproj", "{D5B3E977-CA3C-4F26-99C7-799132C90B55}"
EndProject
Project("{8BC9CEB8-8B4A-11D0-8D11-00A0C91BC942}") = "Bai12", "Bai12\Bai12.vcxproj", "{008D22AB-3FED-42DC-80A5-E84C912DD42C}"
EndProject
Project("{8BC9CEB8-8B4A-11D0-8D11-00A0C91BC942}") = "Bai13", "Bai13\Bai13.vcxproj", "{6A03BF9C-480F-4446-ACD1-7E10C325BFB5}"
EndProject
Global
	GlobalSection(SolutionConfigurationPlatforms) = preSolution
		Debug|x64 = Debug|x64
		Debug|x86 = Debug|x86
		Release|x64 = Release|x64
		Release|x86 = Release|x86
	EndGlobalSection
	GlobalSection(ProjectConfigurationPlatforms) = postSolution
		{C872E15A-20D3-4726-A1A3-0ADDB8A6CADC}.Debug|x64.ActiveCfg = Debug|x64
		{C872E15A-20D3-4726-A1A3-0ADDB8A6CADC}.Debug|x64.Build.0 = Debug|x64
		{C872E15A-20D3-4726-A1A3-0ADDB8A6CADC}.Debug|x86.ActiveCfg = Debug|Win32
		{C872E15A-20D3-4726-A1A3-0ADDB8A6CADC}.Debug|x86.Build.0 = Debug|Win32
		{C872E15A-20D3-4726-A1A3-0ADDB8A6CADC}.Release|x64.ActiveCfg = Release|x64
		{C872E15A-20D3-4726-A1A3-0ADDB8A6CADC}.Release|x64.Build.0 = Release|x64
		{C872E15A-20D3-4726-A1A3-0ADDB8A6CADC}.Release|x86.ActiveCfg = Release|Win32
		{C872E15A-20D3-4726-A1A3-0ADDB8A6CADC}.Release|x86.Build.0 = Release|Win32
		{CB8C9CD4-82BF-4F29-A0BE-23070803255A}.Debug|x64.ActiveCfg = Debug|x64
		{CB8C9CD4-82BF-4F29-A0BE-23070803255A}.Debug|x64.Build.0 = Debug|x64
		{CB8C9CD4-82BF-4F29-A0BE-23070803255A}.Debug|x86.ActiveCfg = Debug|Win32
		{CB8C9CD4-82BF-4F29-A0BE-23070803255A}.Debug|x86.Build.0 = Debug|Win32
		{CB8C9CD4-82BF-4F29-A0BE-23070803255A}.Release|x64.ActiveCfg = Release|x64
		{CB8C9CD4-82BF-4F29-A0BE-23070803255A}.Release|x64.Build.0 = Release|x64
		{CB8C9CD4-82BF-4F29-A0BE-23070803255A}.Release|x86.ActiveCfg = Release|Win32
		{CB8C9CD4-82BF-4F29-A0BE-23070803255A}.Release|x86.Build.0 = Release|Win32
		{9618BC50-C688-4913-9583-05DCB778EC60}.Debug|x64.ActiveCfg = Debug|x64
		{9618BC50-C688-4913-9583-05DCB778EC60}.Debug|x64.Build.0 = Debug|x64
		{9618BC50-C688-4913-9583-05DCB778EC60}.Debug|x86.ActiveCfg = Debug|Win32
		{9618BC50-C688-4913-9583-05DCB778EC60}.Debug|x86.Build.0 = Debug|Win32
		{9618BC50-C688-4913-9583-05DCB778EC60}.Release|x64.ActiveCfg = Release|x64
		{9618BC50-C688-4913-9583-05DCB778EC60}.Release|x64.Build.0 = Release|x64
		{9618BC50-C688-4913-9583-05DCB778EC60}.Release|x86.ActiveCfg = Release|Win32
		{9618BC50-C688-4913-9583-05DCB778EC60}.Release|x86.Build.0 = Release|Win32
		{9017173C-2D1C-4173-9B8B-F0901647650F}.Debug|x64.ActiveCfg = Debug|x64
		{9017173C-2D1C-4173-9B8B-F0901647650F}.Debug|x64.Build.0 = Debug|x64
		{9017173C-2D1C-4173-9B8B-F0901647650F}.Debug|x86.ActiveCfg = Debug|Win32
		{9017173C-2D1C-4173-9B8B-F0901647650F}.Debug|x86.Build.0 = Debug|Win32
		{9017173C-2D1C-4173-9B8B-F0901647650F}.Release|x64.ActiveCfg = Release|x64
		{9017173C-2D1C-4173-9B8B-F0901647650F}.Release|x64.Build.0 = Release|x64
		{9017173C-2D1C-4173-9B8B-F0901647650F}.Release|x86.ActiveCfg = Release|Win32
		{9017173C-2D1C-4173-9B8B-F0901647650F}.Release|x86.Build.0 = Release|Win32
		{81A6F9D2-CD8C-488F-A5CC-00ABFA7F2ECF}.Debug|x64.ActiveCfg = Debug|x64
		{81A6F9D2-CD8C-488F-A5CC-00ABFA7F2ECF}.Debug|x64.Build.0 = Debug|x64
		{81A6F9D2-CD8C-488F-A5CC-00ABFA7F2ECF}.Debug|x86.ActiveCfg = Debug|Win32
		{81A6F9D2-CD8C-488F-A5CC-00ABFA7F2ECF}.Debug|x86.Build.0 = Debug|Win32
		{81A6F9D2-CD8C-488F-A5CC-00ABFA7F2ECF}.Release|x64.ActiveCfg = Release|x64
		{81A6F9D2-CD8C-488F-A5CC-00ABFA7F2ECF}.Release|x64.Build.0 = Release|x64
		{81A6F9D2-CD8C-488F-A5CC-00ABFA7F2ECF}.Release|x86.ActiveCfg = Release|Win32
		{81A6F9D2-CD8C-488F-A5CC-00ABFA7F2ECF}.Release|x86.Build.0 = Release|Win32
		{BBC1AEA7-896C-4EAD-8B18-A3C868143F8E}.Debug|x64.ActiveCfg = Debug|x64
		{BBC1AEA7-896C-4EAD-8B18-A3C868143F8E}.Debug|x64.Build.0 = Debug|x64
		{BBC1AEA7-896C-4EAD-8B18-A3C868143F8E}.Debug|x86.ActiveCfg = Debug|Win32
		{BBC1AEA7-896C-4EAD-8B18-A3C868143F8E}.Debug|x86.Build.0 = Debug|Win32
		{BBC1AEA7-896C-4EAD-8B18-A3C868143F8E}.Release|x64.ActiveCfg = Release|x64
		{BBC1AEA7-896C-4EAD-8B18-A3C868143F8E}.Release|x64.Build.0 = Release|x64
		{BBC1AEA7-896C-4EAD-8B18-A3C868143F8E}.Release|x86.ActiveCfg = Release|Win32
		{BBC1AEA7-896C-4EAD-8B18-A3C868143F8E}.Release|x86.Build.0 = Release|Win32
		{6959F5F5-F7CF-42F7-B9E2-5814B625544A}.Debug|x64.ActiveCfg = Debug|x64
		{6959F5F5-F7CF-42F7-B9E2-5814B625544A}.Debug|x64.Build.0 = Debug|x64
		{6959F5F5-F7CF-42F7-B9E2-5814B625544A}.Debug|x86.ActiveCfg = Debug|Win32
		{6959F5F5-F7CF-42F7-B9E2-5814B625544A}.Debug|x86.Build.0 = Debug|Win32
		{6959F5F5-F7CF-42F7-B9E2-5814B625544A}.Release|x64.ActiveCfg = Release|x64
		{6959F5F5-F7CF-42F7-B9E2-5814B625544A}.Release|x64.Build.0 = Release|x64
		{6959F5F5-F7CF-42F7-B9E2-5814B625544A}.Release|x86.ActiveCfg = Release|Win32
		{6959F5F5-F7CF-42F7-B9E2-5814B625544A}.Release|x86.Build.0 = Release|Win32
		{D5B3E977-CA3C-4F26-99C7-799132C90B55}.Debug|x64.ActiveCfg = Debug|x64
		{D5B3E977-CA3C-4F26-99C7-799132C90B55}.Debug|x64.Build.0 = Debug|x64
		{D5B3E977-CA3C-4F26-99C7-799132C90B55}.Debug|x86.ActiveCfg = Debug|Win32
		{D5B3E977-CA3C-4F26-99C7-799132C90B55}.Debug|x86.Build.0 = Debug|Win32
		{D5B3E977-CA3C-4F26-99C7-799132C90B55}.Release|x64.ActiveCfg = Release|x64
		{D5B3E977-CA3C-4F26-99C7-799132C90B55}.Release|x64.Build.0 = Release|x64
		{D5B3E977-CA3C-4F26-99C7-799132C90B55}.Release|x86.ActiveCfg = Release|Win32
		{D5B3E977-CA3C-4F26-99C7-799132C90B55}.Release|x86.Build.0 = Release|Win32
		{008D22AB-3FED-42DC-80A5-E84C912DD42C}.Debug|x64.ActiveCfg = Debug|x64
		{008D22AB-3FED-42DC-80A5-E84C912DD42C}.Debug|x64.Build.0 = Debug|x64
		{008D22AB-3FED-42DC-80A5-E84C912DD42C}.Debug|x86.ActiveCfg = Debug|Win32
		{008D22AB-3FED-42DC-80A5-E84C912DD42C}.Debug|x86.Build.0 = Debug|Win32
		{008D22AB-3FED-42DC-80A5-E84C912DD42C}.Release|x64.ActiveCfg = Release|x64
		{008D22AB-3FED-42DC-80A5-E84C912DD42C}.Release|x64.Build.0 = Release|x64
		{008D22AB-3FED-42DC-80A5-E84C912DD42C}.Release|x86.ActiveCfg = Release|Win32
		{008D22AB-3FED-42DC-80A5-E84C912DD42C}.Release|x86.Build.0 = Release|Win32
		{6A03BF9C-480F-4446-ACD1-7E10C325BFB5}.Debug|x64.ActiveCfg = Debug|x64
		{6A03BF9C-480F-4446-ACD1-7E10C325BFB5}.Debug|x64.Build.0 = Debug|x64
		{6A03BF9C-480F-4446-ACD1-7E10C325BFB5}.Debug|x86.ActiveCfg = Debug|Win32
		{6A03BF9C-480F-4446-ACD1-7E10C325BFB5}.Debug|x86.Build.0 = Debug|Win32
		{6A03BF9C-480F-4446-ACD1-7E10C325BFB5}.Release|x64.ActiveCfg = Release|x64
		{6A03BF9C-480F-4446-ACD1-7E10C325BFB5}.Release|x64.Build.0 = Release|x64
		{6A03BF9C-480F-4446-ACD1-7E10C325BFB5}.Release|x86.ActiveCfg = Release|Win32
		{6A03BF9C-480F-4446-ACD1-7E10C325BFB5}.Release|x86.Build.0 = Release|Win32
	EndGlobalSection
	GlobalSection(SolutionProperties) = preSolution
		HideSolutionNode = FALSE
	EndGlobalSection
	GlobalSection(ExtensibilityGlobals) = postSolution
		SolutionGuid = {F0FB7DA7-B062-4AC4-A925-7E10ED90E754}
	EndGlobalSection
EndGlobal
