
Microsoft Visual Studio Solution File, Format Version 12.00
# Visual Studio Version 16
VisualStudioVersion = 16.0.31402.337
MinimumVisualStudioVersion = 10.0.40219.1
Project("{8BC9CEB8-8B4A-11D0-8D11-00A0C91BC942}") = "câu 1", "câu 1\câu 1.vcxproj", "{CCB2442D-B7E7-4393-8CC8-74B6F46CB77A}"
EndProject
Project("{8BC9CEB8-8B4A-11D0-8D11-00A0C91BC942}") = "câu 2", "câu 2\câu 2.vcxproj", "{B0D6A99F-C74D-4090-B93F-541A6DF0908C}"
EndProject
Project("{8BC9CEB8-8B4A-11D0-8D11-00A0C91BC942}") = "câu 3", "câu 3\câu 3.vcxproj", "{8413F199-A961-4624-B229-8E99745CB38D}"
EndProject
Project("{8BC9CEB8-8B4A-11D0-8D11-00A0C91BC942}") = "câu 4", "câu 4\câu 4.vcxproj", "{0C11A35E-9F01-43D0-8F35-6DFD0FEF64FD}"
EndProject
Global
	GlobalSection(SolutionConfigurationPlatforms) = preSolution
		Debug|x64 = Debug|x64
		Debug|x86 = Debug|x86
		Release|x64 = Release|x64
		Release|x86 = Release|x86
	EndGlobalSection
	GlobalSection(ProjectConfigurationPlatforms) = postSolution
		{CCB2442D-B7E7-4393-8CC8-74B6F46CB77A}.Debug|x64.ActiveCfg = Debug|x64
		{CCB2442D-B7E7-4393-8CC8-74B6F46CB77A}.Debug|x64.Build.0 = Debug|x64
		{CCB2442D-B7E7-4393-8CC8-74B6F46CB77A}.Debug|x86.ActiveCfg = Debug|Win32
		{CCB2442D-B7E7-4393-8CC8-74B6F46CB77A}.Debug|x86.Build.0 = Debug|Win32
		{CCB2442D-B7E7-4393-8CC8-74B6F46CB77A}.Release|x64.ActiveCfg = Release|x64
		{CCB2442D-B7E7-4393-8CC8-74B6F46CB77A}.Release|x64.Build.0 = Release|x64
		{CCB2442D-B7E7-4393-8CC8-74B6F46CB77A}.Release|x86.ActiveCfg = Release|Win32
		{CCB2442D-B7E7-4393-8CC8-74B6F46CB77A}.Release|x86.Build.0 = Release|Win32
		{B0D6A99F-C74D-4090-B93F-541A6DF0908C}.Debug|x64.ActiveCfg = Debug|x64
		{B0D6A99F-C74D-4090-B93F-541A6DF0908C}.Debug|x64.Build.0 = Debug|x64
		{B0D6A99F-C74D-4090-B93F-541A6DF0908C}.Debug|x86.ActiveCfg = Debug|Win32
		{B0D6A99F-C74D-4090-B93F-541A6DF0908C}.Debug|x86.Build.0 = Debug|Win32
		{B0D6A99F-C74D-4090-B93F-541A6DF0908C}.Release|x64.ActiveCfg = Release|x64
		{B0D6A99F-C74D-4090-B93F-541A6DF0908C}.Release|x64.Build.0 = Release|x64
		{B0D6A99F-C74D-4090-B93F-541A6DF0908C}.Release|x86.ActiveCfg = Release|Win32
		{B0D6A99F-C74D-4090-B93F-541A6DF0908C}.Release|x86.Build.0 = Release|Win32
		{8413F199-A961-4624-B229-8E99745CB38D}.Debug|x64.ActiveCfg = Debug|x64
		{8413F199-A961-4624-B229-8E99745CB38D}.Debug|x64.Build.0 = Debug|x64
		{8413F199-A961-4624-B229-8E99745CB38D}.Debug|x86.ActiveCfg = Debug|Win32
		{8413F199-A961-4624-B229-8E99745CB38D}.Debug|x86.Build.0 = Debug|Win32
		{8413F199-A961-4624-B229-8E99745CB38D}.Release|x64.ActiveCfg = Release|x64
		{8413F199-A961-4624-B229-8E99745CB38D}.Release|x64.Build.0 = Release|x64
		{8413F199-A961-4624-B229-8E99745CB38D}.Release|x86.ActiveCfg = Release|Win32
		{8413F199-A961-4624-B229-8E99745CB38D}.Release|x86.Build.0 = Release|Win32
		{0C11A35E-9F01-43D0-8F35-6DFD0FEF64FD}.Debug|x64.ActiveCfg = Debug|x64
		{0C11A35E-9F01-43D0-8F35-6DFD0FEF64FD}.Debug|x64.Build.0 = Debug|x64
		{0C11A35E-9F01-43D0-8F35-6DFD0FEF64FD}.Debug|x86.ActiveCfg = Debug|Win32
		{0C11A35E-9F01-43D0-8F35-6DFD0FEF64FD}.Debug|x86.Build.0 = Debug|Win32
		{0C11A35E-9F01-43D0-8F35-6DFD0FEF64FD}.Release|x64.ActiveCfg = Release|x64
		{0C11A35E-9F01-43D0-8F35-6DFD0FEF64FD}.Release|x64.Build.0 = Release|x64
		{0C11A35E-9F01-43D0-8F35-6DFD0FEF64FD}.Release|x86.ActiveCfg = Release|Win32
		{0C11A35E-9F01-43D0-8F35-6DFD0FEF64FD}.Release|x86.Build.0 = Release|Win32
	EndGlobalSection
	GlobalSection(SolutionProperties) = preSolution
		HideSolutionNode = FALSE
	EndGlobalSection
	GlobalSection(ExtensibilityGlobals) = postSolution
		SolutionGuid = {00253652-9592-4DA6-919A-D94FB8A8EDD9}
	EndGlobalSection
EndGlobal
