
Microsoft Visual Studio Solution File, Format Version 12.00
# Visual Studio Version 16
VisualStudioVersion = 16.0.31402.337
MinimumVisualStudioVersion = 10.0.40219.1
Project("{8BC9CEB8-8B4A-11D0-8D11-00A0C91BC942}") = "Bai1.1(interchange sort)", "Bai1.1\Bai1.1.vcxproj", "{228E9C4B-B175-4D8F-878C-90FA2A0AC54C}"
EndProject
Project("{8BC9CEB8-8B4A-11D0-8D11-00A0C91BC942}") = "Bai1.2(insertion sort", "Bai1.2\Bai1.2.vcxproj", "{5FAF9B10-6E4B-48B1-8EC6-8F7B29B1B86E}"
EndProject
Project("{8BC9CEB8-8B4A-11D0-8D11-00A0C91BC942}") = "Bai1.2(binary insertion sort)", "Bai1.2(binary insertion sort)\Bai1.2(binary insertion sort).vcxproj", "{CDB0216C-1831-47F2-AA28-D1F0817A8305}"
EndProject
Project("{8BC9CEB8-8B4A-11D0-8D11-00A0C91BC942}") = "Bai1.2(shell sort)", "Bai1.2(shell sort)\Bai1.2(shell sort).vcxproj", "{215289E5-C59A-4926-BE3E-DFBC43FFBB1E}"
EndProject
Project("{8BC9CEB8-8B4A-11D0-8D11-00A0C91BC942}") = "Bai1.3(selection sort)", "Bai1.2(selection sort)\Bai1.2(selection sort).vcxproj", "{220CF3F1-DAAE-4E1E-AD96-50883F30279F}"
EndProject
Project("{8BC9CEB8-8B4A-11D0-8D11-00A0C91BC942}") = "Bai1.4(shaker sort)", "Bai1.4(shaker sort)\Bai1.4(shaker sort).vcxproj", "{ED0E6F06-9215-43A4-B274-3EA5FE73ED85}"
EndProject
Project("{8BC9CEB8-8B4A-11D0-8D11-00A0C91BC942}") = "Bai1.5", "Bai1.5\Bai1.5.vcxproj", "{E611A5F7-A08C-475D-8B34-44A467CF610D}"
EndProject
Project("{8BC9CEB8-8B4A-11D0-8D11-00A0C91BC942}") = "Bai1.4(bubble sort)", "Bai1.4(bubble sort)\Bai1.4(bubble sort).vcxproj", "{6696DF1F-18AD-4240-B5BC-E5E4FFE8A3C3}"
EndProject
Global
	GlobalSection(SolutionConfigurationPlatforms) = preSolution
		Debug|x64 = Debug|x64
		Debug|x86 = Debug|x86
		Release|x64 = Release|x64
		Release|x86 = Release|x86
	EndGlobalSection
	GlobalSection(ProjectConfigurationPlatforms) = postSolution
		{228E9C4B-B175-4D8F-878C-90FA2A0AC54C}.Debug|x64.ActiveCfg = Debug|x64
		{228E9C4B-B175-4D8F-878C-90FA2A0AC54C}.Debug|x64.Build.0 = Debug|x64
		{228E9C4B-B175-4D8F-878C-90FA2A0AC54C}.Debug|x86.ActiveCfg = Debug|Win32
		{228E9C4B-B175-4D8F-878C-90FA2A0AC54C}.Debug|x86.Build.0 = Debug|Win32
		{228E9C4B-B175-4D8F-878C-90FA2A0AC54C}.Release|x64.ActiveCfg = Release|x64
		{228E9C4B-B175-4D8F-878C-90FA2A0AC54C}.Release|x64.Build.0 = Release|x64
		{228E9C4B-B175-4D8F-878C-90FA2A0AC54C}.Release|x86.ActiveCfg = Release|Win32
		{228E9C4B-B175-4D8F-878C-90FA2A0AC54C}.Release|x86.Build.0 = Release|Win32
		{5FAF9B10-6E4B-48B1-8EC6-8F7B29B1B86E}.Debug|x64.ActiveCfg = Debug|x64
		{5FAF9B10-6E4B-48B1-8EC6-8F7B29B1B86E}.Debug|x64.Build.0 = Debug|x64
		{5FAF9B10-6E4B-48B1-8EC6-8F7B29B1B86E}.Debug|x86.ActiveCfg = Debug|Win32
		{5FAF9B10-6E4B-48B1-8EC6-8F7B29B1B86E}.Debug|x86.Build.0 = Debug|Win32
		{5FAF9B10-6E4B-48B1-8EC6-8F7B29B1B86E}.Release|x64.ActiveCfg = Release|x64
		{5FAF9B10-6E4B-48B1-8EC6-8F7B29B1B86E}.Release|x64.Build.0 = Release|x64
		{5FAF9B10-6E4B-48B1-8EC6-8F7B29B1B86E}.Release|x86.ActiveCfg = Release|Win32
		{5FAF9B10-6E4B-48B1-8EC6-8F7B29B1B86E}.Release|x86.Build.0 = Release|Win32
		{CDB0216C-1831-47F2-AA28-D1F0817A8305}.Debug|x64.ActiveCfg = Debug|x64
		{CDB0216C-1831-47F2-AA28-D1F0817A8305}.Debug|x64.Build.0 = Debug|x64
		{CDB0216C-1831-47F2-AA28-D1F0817A8305}.Debug|x86.ActiveCfg = Debug|Win32
		{CDB0216C-1831-47F2-AA28-D1F0817A8305}.Debug|x86.Build.0 = Debug|Win32
		{CDB0216C-1831-47F2-AA28-D1F0817A8305}.Release|x64.ActiveCfg = Release|x64
		{CDB0216C-1831-47F2-AA28-D1F0817A8305}.Release|x64.Build.0 = Release|x64
		{CDB0216C-1831-47F2-AA28-D1F0817A8305}.Release|x86.ActiveCfg = Release|Win32
		{CDB0216C-1831-47F2-AA28-D1F0817A8305}.Release|x86.Build.0 = Release|Win32
		{215289E5-C59A-4926-BE3E-DFBC43FFBB1E}.Debug|x64.ActiveCfg = Debug|x64
		{215289E5-C59A-4926-BE3E-DFBC43FFBB1E}.Debug|x64.Build.0 = Debug|x64
		{215289E5-C59A-4926-BE3E-DFBC43FFBB1E}.Debug|x86.ActiveCfg = Debug|Win32
		{215289E5-C59A-4926-BE3E-DFBC43FFBB1E}.Debug|x86.Build.0 = Debug|Win32
		{215289E5-C59A-4926-BE3E-DFBC43FFBB1E}.Release|x64.ActiveCfg = Release|x64
		{215289E5-C59A-4926-BE3E-DFBC43FFBB1E}.Release|x64.Build.0 = Release|x64
		{215289E5-C59A-4926-BE3E-DFBC43FFBB1E}.Release|x86.ActiveCfg = Release|Win32
		{215289E5-C59A-4926-BE3E-DFBC43FFBB1E}.Release|x86.Build.0 = Release|Win32
		{220CF3F1-DAAE-4E1E-AD96-50883F30279F}.Debug|x64.ActiveCfg = Debug|x64
		{220CF3F1-DAAE-4E1E-AD96-50883F30279F}.Debug|x64.Build.0 = Debug|x64
		{220CF3F1-DAAE-4E1E-AD96-50883F30279F}.Debug|x86.ActiveCfg = Debug|Win32
		{220CF3F1-DAAE-4E1E-AD96-50883F30279F}.Debug|x86.Build.0 = Debug|Win32
		{220CF3F1-DAAE-4E1E-AD96-50883F30279F}.Release|x64.ActiveCfg = Release|x64
		{220CF3F1-DAAE-4E1E-AD96-50883F30279F}.Release|x64.Build.0 = Release|x64
		{220CF3F1-DAAE-4E1E-AD96-50883F30279F}.Release|x86.ActiveCfg = Release|Win32
		{220CF3F1-DAAE-4E1E-AD96-50883F30279F}.Release|x86.Build.0 = Release|Win32
		{ED0E6F06-9215-43A4-B274-3EA5FE73ED85}.Debug|x64.ActiveCfg = Debug|x64
		{ED0E6F06-9215-43A4-B274-3EA5FE73ED85}.Debug|x64.Build.0 = Debug|x64
		{ED0E6F06-9215-43A4-B274-3EA5FE73ED85}.Debug|x86.ActiveCfg = Debug|Win32
		{ED0E6F06-9215-43A4-B274-3EA5FE73ED85}.Debug|x86.Build.0 = Debug|Win32
		{ED0E6F06-9215-43A4-B274-3EA5FE73ED85}.Release|x64.ActiveCfg = Release|x64
		{ED0E6F06-9215-43A4-B274-3EA5FE73ED85}.Release|x64.Build.0 = Release|x64
		{ED0E6F06-9215-43A4-B274-3EA5FE73ED85}.Release|x86.ActiveCfg = Release|Win32
		{ED0E6F06-9215-43A4-B274-3EA5FE73ED85}.Release|x86.Build.0 = Release|Win32
		{E611A5F7-A08C-475D-8B34-44A467CF610D}.Debug|x64.ActiveCfg = Debug|x64
		{E611A5F7-A08C-475D-8B34-44A467CF610D}.Debug|x64.Build.0 = Debug|x64
		{E611A5F7-A08C-475D-8B34-44A467CF610D}.Debug|x86.ActiveCfg = Debug|Win32
		{E611A5F7-A08C-475D-8B34-44A467CF610D}.Debug|x86.Build.0 = Debug|Win32
		{E611A5F7-A08C-475D-8B34-44A467CF610D}.Release|x64.ActiveCfg = Release|x64
		{E611A5F7-A08C-475D-8B34-44A467CF610D}.Release|x64.Build.0 = Release|x64
		{E611A5F7-A08C-475D-8B34-44A467CF610D}.Release|x86.ActiveCfg = Release|Win32
		{E611A5F7-A08C-475D-8B34-44A467CF610D}.Release|x86.Build.0 = Release|Win32
		{6696DF1F-18AD-4240-B5BC-E5E4FFE8A3C3}.Debug|x64.ActiveCfg = Debug|x64
		{6696DF1F-18AD-4240-B5BC-E5E4FFE8A3C3}.Debug|x64.Build.0 = Debug|x64
		{6696DF1F-18AD-4240-B5BC-E5E4FFE8A3C3}.Debug|x86.ActiveCfg = Debug|Win32
		{6696DF1F-18AD-4240-B5BC-E5E4FFE8A3C3}.Debug|x86.Build.0 = Debug|Win32
		{6696DF1F-18AD-4240-B5BC-E5E4FFE8A3C3}.Release|x64.ActiveCfg = Release|x64
		{6696DF1F-18AD-4240-B5BC-E5E4FFE8A3C3}.Release|x64.Build.0 = Release|x64
		{6696DF1F-18AD-4240-B5BC-E5E4FFE8A3C3}.Release|x86.ActiveCfg = Release|Win32
		{6696DF1F-18AD-4240-B5BC-E5E4FFE8A3C3}.Release|x86.Build.0 = Release|Win32
	EndGlobalSection
	GlobalSection(SolutionProperties) = preSolution
		HideSolutionNode = FALSE
	EndGlobalSection
	GlobalSection(ExtensibilityGlobals) = postSolution
		SolutionGuid = {E8CCF1A8-DB7D-4E38-AEDB-0F80423C3FE7}
	EndGlobalSection
EndGlobal
