
Microsoft Visual Studio Solution File, Format Version 12.00
# Visual Studio Version 16
VisualStudioVersion = 16.0.31402.337
MinimumVisualStudioVersion = 10.0.40219.1
Project("{8BC9CEB8-8B4A-11D0-8D11-00A0C91BC942}") = "Cau 5", "Cau 5\Cau 5.vcxproj", "{FC832FBA-C3F5-414E-A0C4-542FC8D002AD}"
EndProject
Project("{8BC9CEB8-8B4A-11D0-8D11-00A0C91BC942}") = "Cau 6", "Cau 6\Cau 6.vcxproj", "{9566400C-501A-4AAF-8673-153F934046C2}"
EndProject
Project("{8BC9CEB8-8B4A-11D0-8D11-00A0C91BC942}") = "Cau 7", "Cau 7\Cau 7.vcxproj", "{E598440D-7618-4EC4-8A50-0EFBBF2E4638}"
EndProject
Project("{8BC9CEB8-8B4A-11D0-8D11-00A0C91BC942}") = "Cau 8", "Cau 8\Cau 8.vcxproj", "{FAC9791B-C183-4793-8E43-9DF098A6B6CB}"
EndProject
Global
	GlobalSection(SolutionConfigurationPlatforms) = preSolution
		Debug|x64 = Debug|x64
		Debug|x86 = Debug|x86
		Release|x64 = Release|x64
		Release|x86 = Release|x86
	EndGlobalSection
	GlobalSection(ProjectConfigurationPlatforms) = postSolution
		{FC832FBA-C3F5-414E-A0C4-542FC8D002AD}.Debug|x64.ActiveCfg = Debug|x64
		{FC832FBA-C3F5-414E-A0C4-542FC8D002AD}.Debug|x64.Build.0 = Debug|x64
		{FC832FBA-C3F5-414E-A0C4-542FC8D002AD}.Debug|x86.ActiveCfg = Debug|Win32
		{FC832FBA-C3F5-414E-A0C4-542FC8D002AD}.Debug|x86.Build.0 = Debug|Win32
		{FC832FBA-C3F5-414E-A0C4-542FC8D002AD}.Release|x64.ActiveCfg = Release|x64
		{FC832FBA-C3F5-414E-A0C4-542FC8D002AD}.Release|x64.Build.0 = Release|x64
		{FC832FBA-C3F5-414E-A0C4-542FC8D002AD}.Release|x86.ActiveCfg = Release|Win32
		{FC832FBA-C3F5-414E-A0C4-542FC8D002AD}.Release|x86.Build.0 = Release|Win32
		{9566400C-501A-4AAF-8673-153F934046C2}.Debug|x64.ActiveCfg = Debug|x64
		{9566400C-501A-4AAF-8673-153F934046C2}.Debug|x64.Build.0 = Debug|x64
		{9566400C-501A-4AAF-8673-153F934046C2}.Debug|x86.ActiveCfg = Debug|Win32
		{9566400C-501A-4AAF-8673-153F934046C2}.Debug|x86.Build.0 = Debug|Win32
		{9566400C-501A-4AAF-8673-153F934046C2}.Release|x64.ActiveCfg = Release|x64
		{9566400C-501A-4AAF-8673-153F934046C2}.Release|x64.Build.0 = Release|x64
		{9566400C-501A-4AAF-8673-153F934046C2}.Release|x86.ActiveCfg = Release|Win32
		{9566400C-501A-4AAF-8673-153F934046C2}.Release|x86.Build.0 = Release|Win32
		{E598440D-7618-4EC4-8A50-0EFBBF2E4638}.Debug|x64.ActiveCfg = Debug|x64
		{E598440D-7618-4EC4-8A50-0EFBBF2E4638}.Debug|x64.Build.0 = Debug|x64
		{E598440D-7618-4EC4-8A50-0EFBBF2E4638}.Debug|x86.ActiveCfg = Debug|Win32
		{E598440D-7618-4EC4-8A50-0EFBBF2E4638}.Debug|x86.Build.0 = Debug|Win32
		{E598440D-7618-4EC4-8A50-0EFBBF2E4638}.Release|x64.ActiveCfg = Release|x64
		{E598440D-7618-4EC4-8A50-0EFBBF2E4638}.Release|x64.Build.0 = Release|x64
		{E598440D-7618-4EC4-8A50-0EFBBF2E4638}.Release|x86.ActiveCfg = Release|Win32
		{E598440D-7618-4EC4-8A50-0EFBBF2E4638}.Release|x86.Build.0 = Release|Win32
		{FAC9791B-C183-4793-8E43-9DF098A6B6CB}.Debug|x64.ActiveCfg = Debug|x64
		{FAC9791B-C183-4793-8E43-9DF098A6B6CB}.Debug|x64.Build.0 = Debug|x64
		{FAC9791B-C183-4793-8E43-9DF098A6B6CB}.Debug|x86.ActiveCfg = Debug|Win32
		{FAC9791B-C183-4793-8E43-9DF098A6B6CB}.Debug|x86.Build.0 = Debug|Win32
		{FAC9791B-C183-4793-8E43-9DF098A6B6CB}.Release|x64.ActiveCfg = Release|x64
		{FAC9791B-C183-4793-8E43-9DF098A6B6CB}.Release|x64.Build.0 = Release|x64
		{FAC9791B-C183-4793-8E43-9DF098A6B6CB}.Release|x86.ActiveCfg = Release|Win32
		{FAC9791B-C183-4793-8E43-9DF098A6B6CB}.Release|x86.Build.0 = Release|Win32
	EndGlobalSection
	GlobalSection(SolutionProperties) = preSolution
		HideSolutionNode = FALSE
	EndGlobalSection
	GlobalSection(ExtensibilityGlobals) = postSolution
		SolutionGuid = {391DF22A-64E2-40D5-ABEE-7121A4E35F1A}
	EndGlobalSection
EndGlobal
