
Microsoft Visual Studio Solution File, Format Version 12.00
# Visual Studio Version 16
VisualStudioVersion = 16.0.31402.337
MinimumVisualStudioVersion = 10.0.40219.1
Project("{8BC9CEB8-8B4A-11D0-8D11-00A0C91BC942}") = "Bài 1", "Project3\Project3.vcxproj", "{4E448BC0-312A-4B1A-B63D-1CE7CC15A376}"
EndProject
Project("{8BC9CEB8-8B4A-11D0-8D11-00A0C91BC942}") = "Bài 2", "Bài 2\Bài 2.vcxproj", "{1CD434D2-F30F-4552-A8B5-D07D8B4CED6F}"
EndProject
Project("{8BC9CEB8-8B4A-11D0-8D11-00A0C91BC942}") = "Bài 3", "Bài 3\Bài 3.vcxproj", "{F0236F25-3235-4B86-9B38-47AB15259F65}"
EndProject
Project("{8BC9CEB8-8B4A-11D0-8D11-00A0C91BC942}") = "Bài 4", "Bài 4\Bài 4.vcxproj", "{DD137E46-EF72-4C0A-B9B9-31A3E4024B0D}"
EndProject
Project("{8BC9CEB8-8B4A-11D0-8D11-00A0C91BC942}") = "Code Mẫu Bài 4", "Code Mẫu Bài 4\Code Mẫu Bài 4.vcxproj", "{A81C6AED-DE58-4EB9-B4BF-F78860074849}"
EndProject
Global
	GlobalSection(SolutionConfigurationPlatforms) = preSolution
		Debug|x64 = Debug|x64
		Debug|x86 = Debug|x86
		Release|x64 = Release|x64
		Release|x86 = Release|x86
	EndGlobalSection
	GlobalSection(ProjectConfigurationPlatforms) = postSolution
		{4E448BC0-312A-4B1A-B63D-1CE7CC15A376}.Debug|x64.ActiveCfg = Debug|x64
		{4E448BC0-312A-4B1A-B63D-1CE7CC15A376}.Debug|x64.Build.0 = Debug|x64
		{4E448BC0-312A-4B1A-B63D-1CE7CC15A376}.Debug|x86.ActiveCfg = Debug|Win32
		{4E448BC0-312A-4B1A-B63D-1CE7CC15A376}.Debug|x86.Build.0 = Debug|Win32
		{4E448BC0-312A-4B1A-B63D-1CE7CC15A376}.Release|x64.ActiveCfg = Release|x64
		{4E448BC0-312A-4B1A-B63D-1CE7CC15A376}.Release|x64.Build.0 = Release|x64
		{4E448BC0-312A-4B1A-B63D-1CE7CC15A376}.Release|x86.ActiveCfg = Release|Win32
		{4E448BC0-312A-4B1A-B63D-1CE7CC15A376}.Release|x86.Build.0 = Release|Win32
		{1CD434D2-F30F-4552-A8B5-D07D8B4CED6F}.Debug|x64.ActiveCfg = Debug|x64
		{1CD434D2-F30F-4552-A8B5-D07D8B4CED6F}.Debug|x64.Build.0 = Debug|x64
		{1CD434D2-F30F-4552-A8B5-D07D8B4CED6F}.Debug|x86.ActiveCfg = Debug|Win32
		{1CD434D2-F30F-4552-A8B5-D07D8B4CED6F}.Debug|x86.Build.0 = Debug|Win32
		{1CD434D2-F30F-4552-A8B5-D07D8B4CED6F}.Release|x64.ActiveCfg = Release|x64
		{1CD434D2-F30F-4552-A8B5-D07D8B4CED6F}.Release|x64.Build.0 = Release|x64
		{1CD434D2-F30F-4552-A8B5-D07D8B4CED6F}.Release|x86.ActiveCfg = Release|Win32
		{1CD434D2-F30F-4552-A8B5-D07D8B4CED6F}.Release|x86.Build.0 = Release|Win32
		{F0236F25-3235-4B86-9B38-47AB15259F65}.Debug|x64.ActiveCfg = Debug|x64
		{F0236F25-3235-4B86-9B38-47AB15259F65}.Debug|x64.Build.0 = Debug|x64
		{F0236F25-3235-4B86-9B38-47AB15259F65}.Debug|x86.ActiveCfg = Debug|Win32
		{F0236F25-3235-4B86-9B38-47AB15259F65}.Debug|x86.Build.0 = Debug|Win32
		{F0236F25-3235-4B86-9B38-47AB15259F65}.Release|x64.ActiveCfg = Release|x64
		{F0236F25-3235-4B86-9B38-47AB15259F65}.Release|x64.Build.0 = Release|x64
		{F0236F25-3235-4B86-9B38-47AB15259F65}.Release|x86.ActiveCfg = Release|Win32
		{F0236F25-3235-4B86-9B38-47AB15259F65}.Release|x86.Build.0 = Release|Win32
		{DD137E46-EF72-4C0A-B9B9-31A3E4024B0D}.Debug|x64.ActiveCfg = Debug|x64
		{DD137E46-EF72-4C0A-B9B9-31A3E4024B0D}.Debug|x64.Build.0 = Debug|x64
		{DD137E46-EF72-4C0A-B9B9-31A3E4024B0D}.Debug|x86.ActiveCfg = Debug|Win32
		{DD137E46-EF72-4C0A-B9B9-31A3E4024B0D}.Debug|x86.Build.0 = Debug|Win32
		{DD137E46-EF72-4C0A-B9B9-31A3E4024B0D}.Release|x64.ActiveCfg = Release|x64
		{DD137E46-EF72-4C0A-B9B9-31A3E4024B0D}.Release|x64.Build.0 = Release|x64
		{DD137E46-EF72-4C0A-B9B9-31A3E4024B0D}.Release|x86.ActiveCfg = Release|Win32
		{DD137E46-EF72-4C0A-B9B9-31A3E4024B0D}.Release|x86.Build.0 = Release|Win32
		{A81C6AED-DE58-4EB9-B4BF-F78860074849}.Debug|x64.ActiveCfg = Debug|x64
		{A81C6AED-DE58-4EB9-B4BF-F78860074849}.Debug|x64.Build.0 = Debug|x64
		{A81C6AED-DE58-4EB9-B4BF-F78860074849}.Debug|x86.ActiveCfg = Debug|Win32
		{A81C6AED-DE58-4EB9-B4BF-F78860074849}.Debug|x86.Build.0 = Debug|Win32
		{A81C6AED-DE58-4EB9-B4BF-F78860074849}.Release|x64.ActiveCfg = Release|x64
		{A81C6AED-DE58-4EB9-B4BF-F78860074849}.Release|x64.Build.0 = Release|x64
		{A81C6AED-DE58-4EB9-B4BF-F78860074849}.Release|x86.ActiveCfg = Release|Win32
		{A81C6AED-DE58-4EB9-B4BF-F78860074849}.Release|x86.Build.0 = Release|Win32
	EndGlobalSection
	GlobalSection(SolutionProperties) = preSolution
		HideSolutionNode = FALSE
	EndGlobalSection
	GlobalSection(ExtensibilityGlobals) = postSolution
		SolutionGuid = {0F473936-F81B-46C3-8060-F8C44035FEBB}
	EndGlobalSection
EndGlobal
