
Microsoft Visual Studio Solution File, Format Version 12.00
# Visual Studio Version 16
VisualStudioVersion = 16.0.31402.337
MinimumVisualStudioVersion = 10.0.40219.1
Project("{8BC9CEB8-8B4A-11D0-8D11-00A0C91BC942}") = "Bai 200", "Bai 200\Bai 200.vcxproj", "{E51DC032-1EA3-41A1-93F5-DD4053728961}"
EndProject
Project("{8BC9CEB8-8B4A-11D0-8D11-00A0C91BC942}") = "Bai 201", "Bai 201\Bai 201.vcxproj", "{3D961966-38C5-4ECD-820C-5E2B19F4AA08}"
EndProject
Project("{8BC9CEB8-8B4A-11D0-8D11-00A0C91BC942}") = "Bai 202", "Bai 202\Bai 202.vcxproj", "{8ECD2BB0-78C4-4A61-BE3D-9C3DC66522CC}"
EndProject
Project("{8BC9CEB8-8B4A-11D0-8D11-00A0C91BC942}") = "Bai 216", "Bai 216\Bai 216.vcxproj", "{80059091-B49A-4CFD-A8EF-7B3762E1EB18}"
EndProject
Project("{8BC9CEB8-8B4A-11D0-8D11-00A0C91BC942}") = "Bai 217", "Bai 217\Bai 217.vcxproj", "{5D7412B3-6888-48CE-9069-3C05C6DD9659}"
EndProject
Project("{8BC9CEB8-8B4A-11D0-8D11-00A0C91BC942}") = "Bai 218", "Bai 218\Bai 218.vcxproj", "{6849B199-ABB7-4155-9E02-BDEF2FC89132}"
EndProject
Project("{8BC9CEB8-8B4A-11D0-8D11-00A0C91BC942}") = "Bai 255", "Bai 255\Bai 255.vcxproj", "{08617CDC-273A-4181-ABC5-94B9CD99FB2D}"
EndProject
Project("{8BC9CEB8-8B4A-11D0-8D11-00A0C91BC942}") = "Bai 256", "Bai 256\Bai 256.vcxproj", "{A61B4A16-B60D-4E04-9C75-3C1A54442DC9}"
EndProject
Project("{8BC9CEB8-8B4A-11D0-8D11-00A0C91BC942}") = "Bai 258", "Bai 258\Bai 258.vcxproj", "{774C9980-09AC-4A2C-8437-339BCF8154C4}"
EndProject
Project("{8BC9CEB8-8B4A-11D0-8D11-00A0C91BC942}") = "Bai 266", "Bai 266\Bai 266.vcxproj", "{89A2EA8D-9360-4EE0-8CB8-89F039DA425F}"
EndProject
Project("{8BC9CEB8-8B4A-11D0-8D11-00A0C91BC942}") = "Bai 267", "Bai 267\Bai 267.vcxproj", "{52B371FF-1332-45F3-ABF2-31002280D7DD}"
EndProject
Project("{8BC9CEB8-8B4A-11D0-8D11-00A0C91BC942}") = "Bai 269", "Bai 269\Bai 269.vcxproj", "{706D6E6A-82DC-4B8C-BA55-0BBAD2F7FF5D}"
EndProject
Project("{8BC9CEB8-8B4A-11D0-8D11-00A0C91BC942}") = "Bai 271", "Bai 271\Bai 271.vcxproj", "{D3049066-BF26-48B2-9F04-4CABDA054AAB}"
EndProject
Project("{8BC9CEB8-8B4A-11D0-8D11-00A0C91BC942}") = "Bai 272", "Bai 272\Bai 272.vcxproj", "{79FD9953-6AB3-443C-A840-2A1DE05052F6}"
EndProject
Project("{8BC9CEB8-8B4A-11D0-8D11-00A0C91BC942}") = "Bai 273", "Bai 273\Bai 273.vcxproj", "{D844F8B1-3EDC-4187-9749-0EC26BBB6BCA}"
EndProject
Global
	GlobalSection(SolutionConfigurationPlatforms) = preSolution
		Debug|x64 = Debug|x64
		Debug|x86 = Debug|x86
		Release|x64 = Release|x64
		Release|x86 = Release|x86
	EndGlobalSection
	GlobalSection(ProjectConfigurationPlatforms) = postSolution
		{E51DC032-1EA3-41A1-93F5-DD4053728961}.Debug|x64.ActiveCfg = Debug|x64
		{E51DC032-1EA3-41A1-93F5-DD4053728961}.Debug|x64.Build.0 = Debug|x64
		{E51DC032-1EA3-41A1-93F5-DD4053728961}.Debug|x86.ActiveCfg = Debug|Win32
		{E51DC032-1EA3-41A1-93F5-DD4053728961}.Debug|x86.Build.0 = Debug|Win32
		{E51DC032-1EA3-41A1-93F5-DD4053728961}.Release|x64.ActiveCfg = Release|x64
		{E51DC032-1EA3-41A1-93F5-DD4053728961}.Release|x64.Build.0 = Release|x64
		{E51DC032-1EA3-41A1-93F5-DD4053728961}.Release|x86.ActiveCfg = Release|Win32
		{E51DC032-1EA3-41A1-93F5-DD4053728961}.Release|x86.Build.0 = Release|Win32
		{3D961966-38C5-4ECD-820C-5E2B19F4AA08}.Debug|x64.ActiveCfg = Debug|x64
		{3D961966-38C5-4ECD-820C-5E2B19F4AA08}.Debug|x64.Build.0 = Debug|x64
		{3D961966-38C5-4ECD-820C-5E2B19F4AA08}.Debug|x86.ActiveCfg = Debug|Win32
		{3D961966-38C5-4ECD-820C-5E2B19F4AA08}.Debug|x86.Build.0 = Debug|Win32
		{3D961966-38C5-4ECD-820C-5E2B19F4AA08}.Release|x64.ActiveCfg = Release|x64
		{3D961966-38C5-4ECD-820C-5E2B19F4AA08}.Release|x64.Build.0 = Release|x64
		{3D961966-38C5-4ECD-820C-5E2B19F4AA08}.Release|x86.ActiveCfg = Release|Win32
		{3D961966-38C5-4ECD-820C-5E2B19F4AA08}.Release|x86.Build.0 = Release|Win32
		{8ECD2BB0-78C4-4A61-BE3D-9C3DC66522CC}.Debug|x64.ActiveCfg = Debug|x64
		{8ECD2BB0-78C4-4A61-BE3D-9C3DC66522CC}.Debug|x64.Build.0 = Debug|x64
		{8ECD2BB0-78C4-4A61-BE3D-9C3DC66522CC}.Debug|x86.ActiveCfg = Debug|Win32
		{8ECD2BB0-78C4-4A61-BE3D-9C3DC66522CC}.Debug|x86.Build.0 = Debug|Win32
		{8ECD2BB0-78C4-4A61-BE3D-9C3DC66522CC}.Release|x64.ActiveCfg = Release|x64
		{8ECD2BB0-78C4-4A61-BE3D-9C3DC66522CC}.Release|x64.Build.0 = Release|x64
		{8ECD2BB0-78C4-4A61-BE3D-9C3DC66522CC}.Release|x86.ActiveCfg = Release|Win32
		{8ECD2BB0-78C4-4A61-BE3D-9C3DC66522CC}.Release|x86.Build.0 = Release|Win32
		{80059091-B49A-4CFD-A8EF-7B3762E1EB18}.Debug|x64.ActiveCfg = Debug|x64
		{80059091-B49A-4CFD-A8EF-7B3762E1EB18}.Debug|x64.Build.0 = Debug|x64
		{80059091-B49A-4CFD-A8EF-7B3762E1EB18}.Debug|x86.ActiveCfg = Debug|Win32
		{80059091-B49A-4CFD-A8EF-7B3762E1EB18}.Debug|x86.Build.0 = Debug|Win32
		{80059091-B49A-4CFD-A8EF-7B3762E1EB18}.Release|x64.ActiveCfg = Release|x64
		{80059091-B49A-4CFD-A8EF-7B3762E1EB18}.Release|x64.Build.0 = Release|x64
		{80059091-B49A-4CFD-A8EF-7B3762E1EB18}.Release|x86.ActiveCfg = Release|Win32
		{80059091-B49A-4CFD-A8EF-7B3762E1EB18}.Release|x86.Build.0 = Release|Win32
		{5D7412B3-6888-48CE-9069-3C05C6DD9659}.Debug|x64.ActiveCfg = Debug|x64
		{5D7412B3-6888-48CE-9069-3C05C6DD9659}.Debug|x64.Build.0 = Debug|x64
		{5D7412B3-6888-48CE-9069-3C05C6DD9659}.Debug|x86.ActiveCfg = Debug|Win32
		{5D7412B3-6888-48CE-9069-3C05C6DD9659}.Debug|x86.Build.0 = Debug|Win32
		{5D7412B3-6888-48CE-9069-3C05C6DD9659}.Release|x64.ActiveCfg = Release|x64
		{5D7412B3-6888-48CE-9069-3C05C6DD9659}.Release|x64.Build.0 = Release|x64
		{5D7412B3-6888-48CE-9069-3C05C6DD9659}.Release|x86.ActiveCfg = Release|Win32
		{5D7412B3-6888-48CE-9069-3C05C6DD9659}.Release|x86.Build.0 = Release|Win32
		{6849B199-ABB7-4155-9E02-BDEF2FC89132}.Debug|x64.ActiveCfg = Debug|x64
		{6849B199-ABB7-4155-9E02-BDEF2FC89132}.Debug|x64.Build.0 = Debug|x64
		{6849B199-ABB7-4155-9E02-BDEF2FC89132}.Debug|x86.ActiveCfg = Debug|Win32
		{6849B199-ABB7-4155-9E02-BDEF2FC89132}.Debug|x86.Build.0 = Debug|Win32
		{6849B199-ABB7-4155-9E02-BDEF2FC89132}.Release|x64.ActiveCfg = Release|x64
		{6849B199-ABB7-4155-9E02-BDEF2FC89132}.Release|x64.Build.0 = Release|x64
		{6849B199-ABB7-4155-9E02-BDEF2FC89132}.Release|x86.ActiveCfg = Release|Win32
		{6849B199-ABB7-4155-9E02-BDEF2FC89132}.Release|x86.Build.0 = Release|Win32
		{08617CDC-273A-4181-ABC5-94B9CD99FB2D}.Debug|x64.ActiveCfg = Debug|x64
		{08617CDC-273A-4181-ABC5-94B9CD99FB2D}.Debug|x64.Build.0 = Debug|x64
		{08617CDC-273A-4181-ABC5-94B9CD99FB2D}.Debug|x86.ActiveCfg = Debug|Win32
		{08617CDC-273A-4181-ABC5-94B9CD99FB2D}.Debug|x86.Build.0 = Debug|Win32
		{08617CDC-273A-4181-ABC5-94B9CD99FB2D}.Release|x64.ActiveCfg = Release|x64
		{08617CDC-273A-4181-ABC5-94B9CD99FB2D}.Release|x64.Build.0 = Release|x64
		{08617CDC-273A-4181-ABC5-94B9CD99FB2D}.Release|x86.ActiveCfg = Release|Win32
		{08617CDC-273A-4181-ABC5-94B9CD99FB2D}.Release|x86.Build.0 = Release|Win32
		{A61B4A16-B60D-4E04-9C75-3C1A54442DC9}.Debug|x64.ActiveCfg = Debug|x64
		{A61B4A16-B60D-4E04-9C75-3C1A54442DC9}.Debug|x64.Build.0 = Debug|x64
		{A61B4A16-B60D-4E04-9C75-3C1A54442DC9}.Debug|x86.ActiveCfg = Debug|Win32
		{A61B4A16-B60D-4E04-9C75-3C1A54442DC9}.Debug|x86.Build.0 = Debug|Win32
		{A61B4A16-B60D-4E04-9C75-3C1A54442DC9}.Release|x64.ActiveCfg = Release|x64
		{A61B4A16-B60D-4E04-9C75-3C1A54442DC9}.Release|x64.Build.0 = Release|x64
		{A61B4A16-B60D-4E04-9C75-3C1A54442DC9}.Release|x86.ActiveCfg = Release|Win32
		{A61B4A16-B60D-4E04-9C75-3C1A54442DC9}.Release|x86.Build.0 = Release|Win32
		{774C9980-09AC-4A2C-8437-339BCF8154C4}.Debug|x64.ActiveCfg = Debug|x64
		{774C9980-09AC-4A2C-8437-339BCF8154C4}.Debug|x64.Build.0 = Debug|x64
		{774C9980-09AC-4A2C-8437-339BCF8154C4}.Debug|x86.ActiveCfg = Debug|Win32
		{774C9980-09AC-4A2C-8437-339BCF8154C4}.Debug|x86.Build.0 = Debug|Win32
		{774C9980-09AC-4A2C-8437-339BCF8154C4}.Release|x64.ActiveCfg = Release|x64
		{774C9980-09AC-4A2C-8437-339BCF8154C4}.Release|x64.Build.0 = Release|x64
		{774C9980-09AC-4A2C-8437-339BCF8154C4}.Release|x86.ActiveCfg = Release|Win32
		{774C9980-09AC-4A2C-8437-339BCF8154C4}.Release|x86.Build.0 = Release|Win32
		{89A2EA8D-9360-4EE0-8CB8-89F039DA425F}.Debug|x64.ActiveCfg = Debug|x64
		{89A2EA8D-9360-4EE0-8CB8-89F039DA425F}.Debug|x64.Build.0 = Debug|x64
		{89A2EA8D-9360-4EE0-8CB8-89F039DA425F}.Debug|x86.ActiveCfg = Debug|Win32
		{89A2EA8D-9360-4EE0-8CB8-89F039DA425F}.Debug|x86.Build.0 = Debug|Win32
		{89A2EA8D-9360-4EE0-8CB8-89F039DA425F}.Release|x64.ActiveCfg = Release|x64
		{89A2EA8D-9360-4EE0-8CB8-89F039DA425F}.Release|x64.Build.0 = Release|x64
		{89A2EA8D-9360-4EE0-8CB8-89F039DA425F}.Release|x86.ActiveCfg = Release|Win32
		{89A2EA8D-9360-4EE0-8CB8-89F039DA425F}.Release|x86.Build.0 = Release|Win32
		{52B371FF-1332-45F3-ABF2-31002280D7DD}.Debug|x64.ActiveCfg = Debug|x64
		{52B371FF-1332-45F3-ABF2-31002280D7DD}.Debug|x64.Build.0 = Debug|x64
		{52B371FF-1332-45F3-ABF2-31002280D7DD}.Debug|x86.ActiveCfg = Debug|Win32
		{52B371FF-1332-45F3-ABF2-31002280D7DD}.Debug|x86.Build.0 = Debug|Win32
		{52B371FF-1332-45F3-ABF2-31002280D7DD}.Release|x64.ActiveCfg = Release|x64
		{52B371FF-1332-45F3-ABF2-31002280D7DD}.Release|x64.Build.0 = Release|x64
		{52B371FF-1332-45F3-ABF2-31002280D7DD}.Release|x86.ActiveCfg = Release|Win32
		{52B371FF-1332-45F3-ABF2-31002280D7DD}.Release|x86.Build.0 = Release|Win32
		{706D6E6A-82DC-4B8C-BA55-0BBAD2F7FF5D}.Debug|x64.ActiveCfg = Debug|x64
		{706D6E6A-82DC-4B8C-BA55-0BBAD2F7FF5D}.Debug|x64.Build.0 = Debug|x64
		{706D6E6A-82DC-4B8C-BA55-0BBAD2F7FF5D}.Debug|x86.ActiveCfg = Debug|Win32
		{706D6E6A-82DC-4B8C-BA55-0BBAD2F7FF5D}.Debug|x86.Build.0 = Debug|Win32
		{706D6E6A-82DC-4B8C-BA55-0BBAD2F7FF5D}.Release|x64.ActiveCfg = Release|x64
		{706D6E6A-82DC-4B8C-BA55-0BBAD2F7FF5D}.Release|x64.Build.0 = Release|x64
		{706D6E6A-82DC-4B8C-BA55-0BBAD2F7FF5D}.Release|x86.ActiveCfg = Release|Win32
		{706D6E6A-82DC-4B8C-BA55-0BBAD2F7FF5D}.Release|x86.Build.0 = Release|Win32
		{D3049066-BF26-48B2-9F04-4CABDA054AAB}.Debug|x64.ActiveCfg = Debug|x64
		{D3049066-BF26-48B2-9F04-4CABDA054AAB}.Debug|x64.Build.0 = Debug|x64
		{D3049066-BF26-48B2-9F04-4CABDA054AAB}.Debug|x86.ActiveCfg = Debug|Win32
		{D3049066-BF26-48B2-9F04-4CABDA054AAB}.Debug|x86.Build.0 = Debug|Win32
		{D3049066-BF26-48B2-9F04-4CABDA054AAB}.Release|x64.ActiveCfg = Release|x64
		{D3049066-BF26-48B2-9F04-4CABDA054AAB}.Release|x64.Build.0 = Release|x64
		{D3049066-BF26-48B2-9F04-4CABDA054AAB}.Release|x86.ActiveCfg = Release|Win32
		{D3049066-BF26-48B2-9F04-4CABDA054AAB}.Release|x86.Build.0 = Release|Win32
		{79FD9953-6AB3-443C-A840-2A1DE05052F6}.Debug|x64.ActiveCfg = Debug|x64
		{79FD9953-6AB3-443C-A840-2A1DE05052F6}.Debug|x64.Build.0 = Debug|x64
		{79FD9953-6AB3-443C-A840-2A1DE05052F6}.Debug|x86.ActiveCfg = Debug|Win32
		{79FD9953-6AB3-443C-A840-2A1DE05052F6}.Debug|x86.Build.0 = Debug|Win32
		{79FD9953-6AB3-443C-A840-2A1DE05052F6}.Release|x64.ActiveCfg = Release|x64
		{79FD9953-6AB3-443C-A840-2A1DE05052F6}.Release|x64.Build.0 = Release|x64
		{79FD9953-6AB3-443C-A840-2A1DE05052F6}.Release|x86.ActiveCfg = Release|Win32
		{79FD9953-6AB3-443C-A840-2A1DE05052F6}.Release|x86.Build.0 = Release|Win32
		{D844F8B1-3EDC-4187-9749-0EC26BBB6BCA}.Debug|x64.ActiveCfg = Debug|x64
		{D844F8B1-3EDC-4187-9749-0EC26BBB6BCA}.Debug|x64.Build.0 = Debug|x64
		{D844F8B1-3EDC-4187-9749-0EC26BBB6BCA}.Debug|x86.ActiveCfg = Debug|Win32
		{D844F8B1-3EDC-4187-9749-0EC26BBB6BCA}.Debug|x86.Build.0 = Debug|Win32
		{D844F8B1-3EDC-4187-9749-0EC26BBB6BCA}.Release|x64.ActiveCfg = Release|x64
		{D844F8B1-3EDC-4187-9749-0EC26BBB6BCA}.Release|x64.Build.0 = Release|x64
		{D844F8B1-3EDC-4187-9749-0EC26BBB6BCA}.Release|x86.ActiveCfg = Release|Win32
		{D844F8B1-3EDC-4187-9749-0EC26BBB6BCA}.Release|x86.Build.0 = Release|Win32
	EndGlobalSection
	GlobalSection(SolutionProperties) = preSolution
		HideSolutionNode = FALSE
	EndGlobalSection
	GlobalSection(ExtensibilityGlobals) = postSolution
		SolutionGuid = {3757CDB1-6042-4711-8FA2-B6D038AC6B2D}
	EndGlobalSection
EndGlobal
