
Microsoft Visual Studio Solution File, Format Version 12.00
# Visual Studio Version 16
VisualStudioVersion = 16.0.31402.337
MinimumVisualStudioVersion = 10.0.40219.1
Project("{8BC9CEB8-8B4A-11D0-8D11-00A0C91BC942}") = "HeapSort", "HeapSort\HeapSort.vcxproj", "{ACF3A8B7-1B8E-4BF8-AAE9-7CC84B40B38A}"
EndProject
Project("{8BC9CEB8-8B4A-11D0-8D11-00A0C91BC942}") = "MergeSort", "MergeSort\MergeSort.vcxproj", "{83122AA0-BA55-45E9-86C1-2BAF38573A3C}"
EndProject
Project("{8BC9CEB8-8B4A-11D0-8D11-00A0C91BC942}") = "QuickSort", "QuickSort\QuickSort.vcxproj", "{CA3C42E3-646C-44E0-8013-CD3E073B4517}"
EndProject
Project("{8BC9CEB8-8B4A-11D0-8D11-00A0C91BC942}") = "CountingSort", "CountingSort\CountingSort.vcxproj", "{77EBD212-0552-4699-9BD0-0D85BC510907}"
EndProject
Project("{8BC9CEB8-8B4A-11D0-8D11-00A0C91BC942}") = "RadixSort", "RadixSort\RadixSort.vcxproj", "{0998B9B3-8C73-4917-BAC0-00BDEAB22AA3}"
EndProject
Global
	GlobalSection(SolutionConfigurationPlatforms) = preSolution
		Debug|x64 = Debug|x64
		Debug|x86 = Debug|x86
		Release|x64 = Release|x64
		Release|x86 = Release|x86
	EndGlobalSection
	GlobalSection(ProjectConfigurationPlatforms) = postSolution
		{ACF3A8B7-1B8E-4BF8-AAE9-7CC84B40B38A}.Debug|x64.ActiveCfg = Debug|x64
		{ACF3A8B7-1B8E-4BF8-AAE9-7CC84B40B38A}.Debug|x64.Build.0 = Debug|x64
		{ACF3A8B7-1B8E-4BF8-AAE9-7CC84B40B38A}.Debug|x86.ActiveCfg = Debug|Win32
		{ACF3A8B7-1B8E-4BF8-AAE9-7CC84B40B38A}.Debug|x86.Build.0 = Debug|Win32
		{ACF3A8B7-1B8E-4BF8-AAE9-7CC84B40B38A}.Release|x64.ActiveCfg = Release|x64
		{ACF3A8B7-1B8E-4BF8-AAE9-7CC84B40B38A}.Release|x64.Build.0 = Release|x64
		{ACF3A8B7-1B8E-4BF8-AAE9-7CC84B40B38A}.Release|x86.ActiveCfg = Release|Win32
		{ACF3A8B7-1B8E-4BF8-AAE9-7CC84B40B38A}.Release|x86.Build.0 = Release|Win32
		{83122AA0-BA55-45E9-86C1-2BAF38573A3C}.Debug|x64.ActiveCfg = Debug|x64
		{83122AA0-BA55-45E9-86C1-2BAF38573A3C}.Debug|x64.Build.0 = Debug|x64
		{83122AA0-BA55-45E9-86C1-2BAF38573A3C}.Debug|x86.ActiveCfg = Debug|Win32
		{83122AA0-BA55-45E9-86C1-2BAF38573A3C}.Debug|x86.Build.0 = Debug|Win32
		{83122AA0-BA55-45E9-86C1-2BAF38573A3C}.Release|x64.ActiveCfg = Release|x64
		{83122AA0-BA55-45E9-86C1-2BAF38573A3C}.Release|x64.Build.0 = Release|x64
		{83122AA0-BA55-45E9-86C1-2BAF38573A3C}.Release|x86.ActiveCfg = Release|Win32
		{83122AA0-BA55-45E9-86C1-2BAF38573A3C}.Release|x86.Build.0 = Release|Win32
		{CA3C42E3-646C-44E0-8013-CD3E073B4517}.Debug|x64.ActiveCfg = Debug|x64
		{CA3C42E3-646C-44E0-8013-CD3E073B4517}.Debug|x64.Build.0 = Debug|x64
		{CA3C42E3-646C-44E0-8013-CD3E073B4517}.Debug|x86.ActiveCfg = Debug|Win32
		{CA3C42E3-646C-44E0-8013-CD3E073B4517}.Debug|x86.Build.0 = Debug|Win32
		{CA3C42E3-646C-44E0-8013-CD3E073B4517}.Release|x64.ActiveCfg = Release|x64
		{CA3C42E3-646C-44E0-8013-CD3E073B4517}.Release|x64.Build.0 = Release|x64
		{CA3C42E3-646C-44E0-8013-CD3E073B4517}.Release|x86.ActiveCfg = Release|Win32
		{CA3C42E3-646C-44E0-8013-CD3E073B4517}.Release|x86.Build.0 = Release|Win32
		{77EBD212-0552-4699-9BD0-0D85BC510907}.Debug|x64.ActiveCfg = Debug|x64
		{77EBD212-0552-4699-9BD0-0D85BC510907}.Debug|x64.Build.0 = Debug|x64
		{77EBD212-0552-4699-9BD0-0D85BC510907}.Debug|x86.ActiveCfg = Debug|Win32
		{77EBD212-0552-4699-9BD0-0D85BC510907}.Debug|x86.Build.0 = Debug|Win32
		{77EBD212-0552-4699-9BD0-0D85BC510907}.Release|x64.ActiveCfg = Release|x64
		{77EBD212-0552-4699-9BD0-0D85BC510907}.Release|x64.Build.0 = Release|x64
		{77EBD212-0552-4699-9BD0-0D85BC510907}.Release|x86.ActiveCfg = Release|Win32
		{77EBD212-0552-4699-9BD0-0D85BC510907}.Release|x86.Build.0 = Release|Win32
		{0998B9B3-8C73-4917-BAC0-00BDEAB22AA3}.Debug|x64.ActiveCfg = Debug|x64
		{0998B9B3-8C73-4917-BAC0-00BDEAB22AA3}.Debug|x64.Build.0 = Debug|x64
		{0998B9B3-8C73-4917-BAC0-00BDEAB22AA3}.Debug|x86.ActiveCfg = Debug|Win32
		{0998B9B3-8C73-4917-BAC0-00BDEAB22AA3}.Debug|x86.Build.0 = Debug|Win32
		{0998B9B3-8C73-4917-BAC0-00BDEAB22AA3}.Release|x64.ActiveCfg = Release|x64
		{0998B9B3-8C73-4917-BAC0-00BDEAB22AA3}.Release|x64.Build.0 = Release|x64
		{0998B9B3-8C73-4917-BAC0-00BDEAB22AA3}.Release|x86.ActiveCfg = Release|Win32
		{0998B9B3-8C73-4917-BAC0-00BDEAB22AA3}.Release|x86.Build.0 = Release|Win32
	EndGlobalSection
	GlobalSection(SolutionProperties) = preSolution
		HideSolutionNode = FALSE
	EndGlobalSection
	GlobalSection(ExtensibilityGlobals) = postSolution
		SolutionGuid = {6CAA2A8C-7A3A-4732-8345-80CB02287BD6}
	EndGlobalSection
EndGlobal
