
Microsoft Visual Studio Solution File, Format Version 12.00
# Visual Studio 2012
Project("{8BC9CEB8-8B4A-11D0-8D11-00A0C91BC942}") = "Cau_1", "Cau_1\Cau_1.vcxproj", "{AEA51A8A-2153-45B5-BE5B-E6CB8A8F72C0}"
EndProject
Project("{8BC9CEB8-8B4A-11D0-8D11-00A0C91BC942}") = "Cau_2_DSLK_Doi_Thu_Vien", "Cau_2_DSLK_Doi_Thu_Vien\Cau_2_DSLK_Doi_Thu_Vien.vcxproj", "{E9943F92-CC79-43BC-B3BA-BB89CBA0D0AA}"
EndProject
Project("{8BC9CEB8-8B4A-11D0-8D11-00A0C91BC942}") = "Cau_2_DSLK_Doi_Tu_Tao", "Cau_2_DSLK_Doi_Tu_Tao\Cau_2_DSLK_Doi_Tu_Tao.vcxproj", "{C9ECF39A-3779-4DBA-A844-050808475FFF}"
EndProject
Project("{8BC9CEB8-8B4A-11D0-8D11-00A0C91BC942}") = "Cau_2_DSLK_Don_Thu_Vien", "Cau_2_DSLK_Don_Thu_Vien\Cau_2_DSLK_Don_Thu_Vien.vcxproj", "{CE7DA65A-F01A-4E9A-AFA9-8FF9575A51E1}"
EndProject
Project("{8BC9CEB8-8B4A-11D0-8D11-00A0C91BC942}") = "Cau_2_DSLK_Don_Tu_Tao", "Cau_2_DSLK_Don_Tu_Tao\Cau_2_DSLK_Don_Tu_Tao.vcxproj", "{13D57C6F-4EFF-47D1-A8DC-470F9FD5E413}"
EndProject
Project("{8BC9CEB8-8B4A-11D0-8D11-00A0C91BC942}") = "Cau_3", "Cau_3\Cau_3.vcxproj", "{31EA7BEC-C777-4846-9060-8817A4A0B4F0}"
EndProject
Project("{8BC9CEB8-8B4A-11D0-8D11-00A0C91BC942}") = "Cau_4", "Cau_4\Cau_4.vcxproj", "{A10F441C-DBA4-47DE-A594-A65AE1311E71}"
EndProject
Project("{8BC9CEB8-8B4A-11D0-8D11-00A0C91BC942}") = "Cau_4_Cach_2", "Cau_4_Cach_2\Cau_4_Cach_2.vcxproj", "{4A3CDDE8-8E85-4E3E-BB68-890441E2F46F}"
EndProject
Project("{8BC9CEB8-8B4A-11D0-8D11-00A0C91BC942}") = "Cau_5", "Cau_5\Cau_5.vcxproj", "{1BD4BF58-9135-4EBA-8C9A-B1D8E122A795}"
EndProject
Global
	GlobalSection(SolutionConfigurationPlatforms) = preSolution
		Debug|Win32 = Debug|Win32
		Release|Win32 = Release|Win32
	EndGlobalSection
	GlobalSection(ProjectConfigurationPlatforms) = postSolution
		{AEA51A8A-2153-45B5-BE5B-E6CB8A8F72C0}.Debug|Win32.ActiveCfg = Debug|Win32
		{AEA51A8A-2153-45B5-BE5B-E6CB8A8F72C0}.Debug|Win32.Build.0 = Debug|Win32
		{AEA51A8A-2153-45B5-BE5B-E6CB8A8F72C0}.Release|Win32.ActiveCfg = Release|Win32
		{AEA51A8A-2153-45B5-BE5B-E6CB8A8F72C0}.Release|Win32.Build.0 = Release|Win32
		{E9943F92-CC79-43BC-B3BA-BB89CBA0D0AA}.Debug|Win32.ActiveCfg = Debug|Win32
		{E9943F92-CC79-43BC-B3BA-BB89CBA0D0AA}.Debug|Win32.Build.0 = Debug|Win32
		{E9943F92-CC79-43BC-B3BA-BB89CBA0D0AA}.Release|Win32.ActiveCfg = Release|Win32
		{E9943F92-CC79-43BC-B3BA-BB89CBA0D0AA}.Release|Win32.Build.0 = Release|Win32
		{C9ECF39A-3779-4DBA-A844-050808475FFF}.Debug|Win32.ActiveCfg = Debug|Win32
		{C9ECF39A-3779-4DBA-A844-050808475FFF}.Debug|Win32.Build.0 = Debug|Win32
		{C9ECF39A-3779-4DBA-A844-050808475FFF}.Release|Win32.ActiveCfg = Release|Win32
		{C9ECF39A-3779-4DBA-A844-050808475FFF}.Release|Win32.Build.0 = Release|Win32
		{CE7DA65A-F01A-4E9A-AFA9-8FF9575A51E1}.Debug|Win32.ActiveCfg = Debug|Win32
		{CE7DA65A-F01A-4E9A-AFA9-8FF9575A51E1}.Debug|Win32.Build.0 = Debug|Win32
		{CE7DA65A-F01A-4E9A-AFA9-8FF9575A51E1}.Release|Win32.ActiveCfg = Release|Win32
		{CE7DA65A-F01A-4E9A-AFA9-8FF9575A51E1}.Release|Win32.Build.0 = Release|Win32
		{13D57C6F-4EFF-47D1-A8DC-470F9FD5E413}.Debug|Win32.ActiveCfg = Debug|Win32
		{13D57C6F-4EFF-47D1-A8DC-470F9FD5E413}.Debug|Win32.Build.0 = Debug|Win32
		{13D57C6F-4EFF-47D1-A8DC-470F9FD5E413}.Release|Win32.ActiveCfg = Release|Win32
		{13D57C6F-4EFF-47D1-A8DC-470F9FD5E413}.Release|Win32.Build.0 = Release|Win32
		{31EA7BEC-C777-4846-9060-8817A4A0B4F0}.Debug|Win32.ActiveCfg = Debug|Win32
		{31EA7BEC-C777-4846-9060-8817A4A0B4F0}.Debug|Win32.Build.0 = Debug|Win32
		{31EA7BEC-C777-4846-9060-8817A4A0B4F0}.Release|Win32.ActiveCfg = Release|Win32
		{31EA7BEC-C777-4846-9060-8817A4A0B4F0}.Release|Win32.Build.0 = Release|Win32
		{A10F441C-DBA4-47DE-A594-A65AE1311E71}.Debug|Win32.ActiveCfg = Debug|Win32
		{A10F441C-DBA4-47DE-A594-A65AE1311E71}.Debug|Win32.Build.0 = Debug|Win32
		{A10F441C-DBA4-47DE-A594-A65AE1311E71}.Release|Win32.ActiveCfg = Release|Win32
		{A10F441C-DBA4-47DE-A594-A65AE1311E71}.Release|Win32.Build.0 = Release|Win32
		{4A3CDDE8-8E85-4E3E-BB68-890441E2F46F}.Debug|Win32.ActiveCfg = Debug|Win32
		{4A3CDDE8-8E85-4E3E-BB68-890441E2F46F}.Debug|Win32.Build.0 = Debug|Win32
		{4A3CDDE8-8E85-4E3E-BB68-890441E2F46F}.Release|Win32.ActiveCfg = Release|Win32
		{4A3CDDE8-8E85-4E3E-BB68-890441E2F46F}.Release|Win32.Build.0 = Release|Win32
		{1BD4BF58-9135-4EBA-8C9A-B1D8E122A795}.Debug|Win32.ActiveCfg = Debug|Win32
		{1BD4BF58-9135-4EBA-8C9A-B1D8E122A795}.Debug|Win32.Build.0 = Debug|Win32
		{1BD4BF58-9135-4EBA-8C9A-B1D8E122A795}.Release|Win32.ActiveCfg = Release|Win32
		{1BD4BF58-9135-4EBA-8C9A-B1D8E122A795}.Release|Win32.Build.0 = Release|Win32
	EndGlobalSection
	GlobalSection(SolutionProperties) = preSolution
		HideSolutionNode = FALSE
	EndGlobalSection
EndGlobal
